// !$*UTF8*$!
{
	archiveVersion = 1;
	classes = {
	};
	objectVersion = 46;
	objects = {

/* Begin PBXAggregateTarget section */
		33EE8819B6A84C5B92BCD673 /* ZERO_CHECK */ = {
			isa = PBXAggregateTarget;
			buildConfigurationList = 37C1FF17793E4B4AA55569E8 /* Build configuration list for PBXAggregateTarget "ZERO_CHECK" */;
			buildPhases = (
				6FEAF7764D2C5378F092A300 /* Generate CMakeFiles/ZERO_CHECK */,
			);
			dependencies = (
			);
			name = ZERO_CHECK;
			productName = ZERO_CHECK;
		};
		3513297849DD4777A25A2320 /* ALL_BUILD */ = {
			isa = PBXAggregateTarget;
			buildConfigurationList = CCC42D094201444E9DEDB182 /* Build configuration list for PBXAggregateTarget "ALL_BUILD" */;
			buildPhases = (
				C2E124CD627F5C6D2212A12F /* Generate CMakeFiles/ALL_BUILD */,
			);
			dependencies = (
				F3E6F56589124A3E87726464 /* PBXTargetDependency */,
				33785D52CD844EABA4B8BA1D /* PBXTargetDependency */,
			);
			name = ALL_BUILD;
			productName = ALL_BUILD;
		};
/* End PBXAggregateTarget section */

/* Begin PBXBuildFile section */
		01967E344F8D43DF8D562212 /* /Users/monter/Documents/primitive/include/imgui/imgui.cpp */ = {isa = PBXBuildFile; fileRef = 77687D256FBD476EB45971B3 /* /Users/monter/Documents/primitive/include/imgui/imgui.cpp */; };
		07ADA7785756443B8BBA94A1 /* /Users/monter/Documents/primitive/include/imgui/examples/imgui_impl_glfw.cpp */ = {isa = PBXBuildFile; fileRef = BB3F45E344DE4E248435BF64 /* /Users/monter/Documents/primitive/include/imgui/examples/imgui_impl_glfw.cpp */; };
		3B21DFE2BBDA46048756EFCE /* /Users/monter/Documents/primitive/src/Shader.cpp */ = {isa = PBXBuildFile; fileRef = 7FA4EF8BD32844648686A5B9 /* /Users/monter/Documents/primitive/src/Shader.cpp */; };
		557F2B32C4A247BE8DB45E77 /* /Users/monter/Documents/primitive/include/imgui/imgui_demo.cpp */ = {isa = PBXBuildFile; fileRef = 46CE6160068A4C47AD7DF469 /* /Users/monter/Documents/primitive/include/imgui/imgui_demo.cpp */; };
		5EE349F883F944BA94778F0D /* /Users/monter/Documents/primitive/src/Mesh.cpp */ = {isa = PBXBuildFile; fileRef = 81C045B05E2B4ADC9F3B97EB /* /Users/monter/Documents/primitive/src/Mesh.cpp */; };
		62C96008E5A04D979DE52A32 /* /Users/monter/Documents/primitive/src/Window.cpp */ = {isa = PBXBuildFile; fileRef = CC63568F166945E0AA2BE02D /* /Users/monter/Documents/primitive/src/Window.cpp */; };
		902AC7A876584BA5B0C1C75C /* /Users/monter/Documents/primitive/src/Camera.cpp */ = {isa = PBXBuildFile; fileRef = 65A55AC6C9DA4C20B9BF6D26 /* /Users/monter/Documents/primitive/src/Camera.cpp */; };
		981CF32E91E7494881B6A61B /* /Users/monter/Documents/primitive/CMakeLists.txt */ = {isa = PBXBuildFile; fileRef = E2BB2C6701254B749D33F60D /* /Users/monter/Documents/primitive/CMakeLists.txt */; };
		9AACE27D7F2D4C9EA1C03B11 /* /Users/monter/Documents/primitive/src/Collider.cpp */ = {isa = PBXBuildFile; fileRef = 4CF568D90AB2453AB5D4C7DE /* /Users/monter/Documents/primitive/src/Collider.cpp */; };
		A4A95882DE5B4E9FA36F0F02 /* /Users/monter/Documents/primitive/src/Core.cpp */ = {isa = PBXBuildFile; fileRef = 020242FAEA0B4EA4A2CDAB4A /* /Users/monter/Documents/primitive/src/Core.cpp */; };
		A4F06F3F2ED644E783580F1C /* /Users/monter/Documents/primitive/include/imgui/imgui_draw.cpp */ = {isa = PBXBuildFile; fileRef = E93583A016F94B7DA1BCE849 /* /Users/monter/Documents/primitive/include/imgui/imgui_draw.cpp */; };
		A82E79CA6C9746A99907DBCD /* /Users/monter/Documents/primitive/src/Texture.cpp */ = {isa = PBXBuildFile; fileRef = B3666472A53E47A7A6872A52 /* /Users/monter/Documents/primitive/src/Texture.cpp */; };
		A9A32AFE2AA143BBBFF6DDCA /* /Users/monter/Documents/primitive/src/Game.cpp */ = {isa = PBXBuildFile; fileRef = 32AB6FAE66E04FBABB45CC00 /* /Users/monter/Documents/primitive/src/Game.cpp */; };
		B15666ECB4AB44C7865F82FE /* /Users/monter/Documents/primitive/src/main.cpp */ = {isa = PBXBuildFile; fileRef = AA36E2BF1EEB452F84FF4AB4 /* /Users/monter/Documents/primitive/src/main.cpp */; };
		B4D0C6AA4DF3490E8B5F0FD9 /* /Users/monter/Documents/primitive/src/Sound.cpp */ = {isa = PBXBuildFile; fileRef = 4B9C0653C06043CFABC56E61 /* /Users/monter/Documents/primitive/src/Sound.cpp */; };
		BC9519B18FAD42C3AD39535F /* /Users/monter/Documents/primitive/include/imgui/imgui_widgets.cpp */ = {isa = PBXBuildFile; fileRef = 45CCDFA6EF7A4719AA7DC888 /* /Users/monter/Documents/primitive/include/imgui/imgui_widgets.cpp */; };
		C3573DD7DB8E455BAC32CDDE /* /Users/monter/Documents/primitive/src/Input.cpp */ = {isa = PBXBuildFile; fileRef = 84B754CBCA7A494B85F17042 /* /Users/monter/Documents/primitive/src/Input.cpp */; };
		DA5367CDB3CB4FD39338FFBD /* /Users/monter/Documents/primitive/src/externalModel.cpp */ = {isa = PBXBuildFile; fileRef = 2B68679E09164F4BA37FB3C5 /* /Users/monter/Documents/primitive/src/externalModel.cpp */; };
		DC9E154D7A5A4006AD906B96 /* /Users/monter/Documents/primitive/include/imgui/examples/imgui_impl_opengl3.cpp */ = {isa = PBXBuildFile; fileRef = 69B12F718B41441088370543 /* /Users/monter/Documents/primitive/include/imgui/examples/imgui_impl_opengl3.cpp */; };
		E846EA46EC5241F992147BAC /* /Users/monter/Documents/primitive/src/Model.cpp */ = {isa = PBXBuildFile; fileRef = 8645F7BAC6344C0FA3E89A72 /* /Users/monter/Documents/primitive/src/Model.cpp */; };
/* End PBXBuildFile section */

/* Begin PBXBuildStyle section */
		1CE12AA07A8C4B57B31B0797 /* Debug */ = {
			isa = PBXBuildStyle;
			buildSettings = {
				COPY_PHASE_STRIP = NO;
			};
			name = Debug;
		};
		656833BF9C7D48958948F8C6 /* Release */ = {
			isa = PBXBuildStyle;
			buildSettings = {
				COPY_PHASE_STRIP = NO;
			};
			name = Release;
		};
		C5345B09D9694CF18872DB38 /* MinSizeRel */ = {
			isa = PBXBuildStyle;
			buildSettings = {
				COPY_PHASE_STRIP = NO;
			};
			name = MinSizeRel;
		};
		FD3287BE5A3246969536E439 /* RelWithDebInfo */ = {
			isa = PBXBuildStyle;
			buildSettings = {
				COPY_PHASE_STRIP = NO;
			};
			name = RelWithDebInfo;
		};
/* End PBXBuildStyle section */

/* Begin PBXContainerItemProxy section */
		01AA6BD08DE24262A7DDD148 /* PBXContainerItemProxy */ = {
			isa = PBXContainerItemProxy;
			containerPortal = 3396D8B4A13C449188789D3B /* Project object */;
			proxyType = 1;
			remoteGlobalIDString = E7287A49441247B5B46B335E;
			remoteInfo = primitive;
		};
		5467C2DC339C4F129BD59998 /* PBXContainerItemProxy */ = {
			isa = PBXContainerItemProxy;
			containerPortal = 3396D8B4A13C449188789D3B /* Project object */;
			proxyType = 1;
			remoteGlobalIDString = 33EE8819B6A84C5B92BCD673;
			remoteInfo = ZERO_CHECK;
		};
		9B173F562B0D46109D99B3A8 /* PBXContainerItemProxy */ = {
			isa = PBXContainerItemProxy;
			containerPortal = 3396D8B4A13C449188789D3B /* Project object */;
			proxyType = 1;
			remoteGlobalIDString = 33EE8819B6A84C5B92BCD673;
			remoteInfo = ZERO_CHECK;
		};
/* End PBXContainerItemProxy section */

/* Begin PBXFileReference section */
		020242FAEA0B4EA4A2CDAB4A /* /Users/monter/Documents/primitive/src/Core.cpp */ = {isa = PBXFileReference; explicitFileType = sourcecode.cpp.cpp; fileEncoding = 4; name = Core.cpp; path = src/Core.cpp; sourceTree = SOURCE_ROOT; };
		22376D43D0164CE8BCBC76ED /* primitive */ = {isa = PBXFileReference; explicitFileType = "compiled.mach-o.executable"; path = primitive; sourceTree = BUILT_PRODUCTS_DIR; };
		2B68679E09164F4BA37FB3C5 /* /Users/monter/Documents/primitive/src/externalModel.cpp */ = {isa = PBXFileReference; explicitFileType = sourcecode.cpp.cpp; fileEncoding = 4; name = externalModel.cpp; path = src/externalModel.cpp; sourceTree = SOURCE_ROOT; };
		32AB6FAE66E04FBABB45CC00 /* /Users/monter/Documents/primitive/src/Game.cpp */ = {isa = PBXFileReference; explicitFileType = sourcecode.cpp.cpp; fileEncoding = 4; name = Game.cpp; path = src/Game.cpp; sourceTree = SOURCE_ROOT; };
		45CCDFA6EF7A4719AA7DC888 /* /Users/monter/Documents/primitive/include/imgui/imgui_widgets.cpp */ = {isa = PBXFileReference; explicitFileType = sourcecode.cpp.cpp; fileEncoding = 4; name = imgui_widgets.cpp; path = include/imgui/imgui_widgets.cpp; sourceTree = SOURCE_ROOT; };
		46CE6160068A4C47AD7DF469 /* /Users/monter/Documents/primitive/include/imgui/imgui_demo.cpp */ = {isa = PBXFileReference; explicitFileType = sourcecode.cpp.cpp; fileEncoding = 4; name = imgui_demo.cpp; path = include/imgui/imgui_demo.cpp; sourceTree = SOURCE_ROOT; };
		4B9C0653C06043CFABC56E61 /* /Users/monter/Documents/primitive/src/Sound.cpp */ = {isa = PBXFileReference; explicitFileType = sourcecode.cpp.cpp; fileEncoding = 4; name = Sound.cpp; path = src/Sound.cpp; sourceTree = SOURCE_ROOT; };
		4CF568D90AB2453AB5D4C7DE /* /Users/monter/Documents/primitive/src/Collider.cpp */ = {isa = PBXFileReference; explicitFileType = sourcecode.cpp.cpp; fileEncoding = 4; name = Collider.cpp; path = src/Collider.cpp; sourceTree = SOURCE_ROOT; };
		65A55AC6C9DA4C20B9BF6D26 /* /Users/monter/Documents/primitive/src/Camera.cpp */ = {isa = PBXFileReference; explicitFileType = sourcecode.cpp.cpp; fileEncoding = 4; name = Camera.cpp; path = src/Camera.cpp; sourceTree = SOURCE_ROOT; };
		69B12F718B41441088370543 /* /Users/monter/Documents/primitive/include/imgui/examples/imgui_impl_opengl3.cpp */ = {isa = PBXFileReference; explicitFileType = sourcecode.cpp.cpp; fileEncoding = 4; name = imgui_impl_opengl3.cpp; path = include/imgui/examples/imgui_impl_opengl3.cpp; sourceTree = SOURCE_ROOT; };
		77687D256FBD476EB45971B3 /* /Users/monter/Documents/primitive/include/imgui/imgui.cpp */ = {isa = PBXFileReference; explicitFileType = sourcecode.cpp.cpp; fileEncoding = 4; name = imgui.cpp; path = include/imgui/imgui.cpp; sourceTree = SOURCE_ROOT; };
		7FA4EF8BD32844648686A5B9 /* /Users/monter/Documents/primitive/src/Shader.cpp */ = {isa = PBXFileReference; explicitFileType = sourcecode.cpp.cpp; fileEncoding = 4; name = Shader.cpp; path = src/Shader.cpp; sourceTree = SOURCE_ROOT; };
		81C045B05E2B4ADC9F3B97EB /* /Users/monter/Documents/primitive/src/Mesh.cpp */ = {isa = PBXFileReference; explicitFileType = sourcecode.cpp.cpp; fileEncoding = 4; name = Mesh.cpp; path = src/Mesh.cpp; sourceTree = SOURCE_ROOT; };
		84B754CBCA7A494B85F17042 /* /Users/monter/Documents/primitive/src/Input.cpp */ = {isa = PBXFileReference; explicitFileType = sourcecode.cpp.cpp; fileEncoding = 4; name = Input.cpp; path = src/Input.cpp; sourceTree = SOURCE_ROOT; };
		8645F7BAC6344C0FA3E89A72 /* /Users/monter/Documents/primitive/src/Model.cpp */ = {isa = PBXFileReference; explicitFileType = sourcecode.cpp.cpp; fileEncoding = 4; name = Model.cpp; path = src/Model.cpp; sourceTree = SOURCE_ROOT; };
		AA36E2BF1EEB452F84FF4AB4 /* /Users/monter/Documents/primitive/src/main.cpp */ = {isa = PBXFileReference; explicitFileType = sourcecode.cpp.cpp; fileEncoding = 4; name = main.cpp; path = src/main.cpp; sourceTree = SOURCE_ROOT; };
		B3666472A53E47A7A6872A52 /* /Users/monter/Documents/primitive/src/Texture.cpp */ = {isa = PBXFileReference; explicitFileType = sourcecode.cpp.cpp; fileEncoding = 4; name = Texture.cpp; path = src/Texture.cpp; sourceTree = SOURCE_ROOT; };
		BB3F45E344DE4E248435BF64 /* /Users/monter/Documents/primitive/include/imgui/examples/imgui_impl_glfw.cpp */ = {isa = PBXFileReference; explicitFileType = sourcecode.cpp.cpp; fileEncoding = 4; name = imgui_impl_glfw.cpp; path = include/imgui/examples/imgui_impl_glfw.cpp; sourceTree = SOURCE_ROOT; };
		CC63568F166945E0AA2BE02D /* /Users/monter/Documents/primitive/src/Window.cpp */ = {isa = PBXFileReference; explicitFileType = sourcecode.cpp.cpp; fileEncoding = 4; name = Window.cpp; path = src/Window.cpp; sourceTree = SOURCE_ROOT; };
		E2BB2C6701254B749D33F60D /* /Users/monter/Documents/primitive/CMakeLists.txt */ = {isa = PBXFileReference; explicitFileType = sourcecode.text; fileEncoding = 4; name = CMakeLists.txt; path = CMakeLists.txt; sourceTree = SOURCE_ROOT; };
		E93583A016F94B7DA1BCE849 /* /Users/monter/Documents/primitive/include/imgui/imgui_draw.cpp */ = {isa = PBXFileReference; explicitFileType = sourcecode.cpp.cpp; fileEncoding = 4; name = imgui_draw.cpp; path = include/imgui/imgui_draw.cpp; sourceTree = SOURCE_ROOT; };
		F23D373D19964C6786D5E7F8 /* /Users/monter/Documents/primitive/CMakeLists.txt */ = {isa = PBXFileReference; explicitFileType = sourcecode.text; fileEncoding = 4; name = CMakeLists.txt; path = CMakeLists.txt; sourceTree = SOURCE_ROOT; };
/* End PBXFileReference section */

/* Begin PBXFrameworksBuildPhase section */
		8811F11927234CD89C4CFFEB /* Frameworks */ = {
			isa = PBXFrameworksBuildPhase;
			buildActionMask = 2147483647;
			files = (
			);
			runOnlyForDeploymentPostprocessing = 0;
		};
/* End PBXFrameworksBuildPhase section */

/* Begin PBXGroup section */
		0F913ADE60D34338926F5278 /* Source Files */ = {
			isa = PBXGroup;
			children = (
				BB3F45E344DE4E248435BF64 /* /Users/monter/Documents/primitive/include/imgui/examples/imgui_impl_glfw.cpp */,
				69B12F718B41441088370543 /* /Users/monter/Documents/primitive/include/imgui/examples/imgui_impl_opengl3.cpp */,
				77687D256FBD476EB45971B3 /* /Users/monter/Documents/primitive/include/imgui/imgui.cpp */,
				46CE6160068A4C47AD7DF469 /* /Users/monter/Documents/primitive/include/imgui/imgui_demo.cpp */,
				E93583A016F94B7DA1BCE849 /* /Users/monter/Documents/primitive/include/imgui/imgui_draw.cpp */,
				45CCDFA6EF7A4719AA7DC888 /* /Users/monter/Documents/primitive/include/imgui/imgui_widgets.cpp */,
				65A55AC6C9DA4C20B9BF6D26 /* /Users/monter/Documents/primitive/src/Camera.cpp */,
				4CF568D90AB2453AB5D4C7DE /* /Users/monter/Documents/primitive/src/Collider.cpp */,
				020242FAEA0B4EA4A2CDAB4A /* /Users/monter/Documents/primitive/src/Core.cpp */,
				32AB6FAE66E04FBABB45CC00 /* /Users/monter/Documents/primitive/src/Game.cpp */,
				84B754CBCA7A494B85F17042 /* /Users/monter/Documents/primitive/src/Input.cpp */,
				81C045B05E2B4ADC9F3B97EB /* /Users/monter/Documents/primitive/src/Mesh.cpp */,
				8645F7BAC6344C0FA3E89A72 /* /Users/monter/Documents/primitive/src/Model.cpp */,
				7FA4EF8BD32844648686A5B9 /* /Users/monter/Documents/primitive/src/Shader.cpp */,
				4B9C0653C06043CFABC56E61 /* /Users/monter/Documents/primitive/src/Sound.cpp */,
				B3666472A53E47A7A6872A52 /* /Users/monter/Documents/primitive/src/Texture.cpp */,
				CC63568F166945E0AA2BE02D /* /Users/monter/Documents/primitive/src/Window.cpp */,
				2B68679E09164F4BA37FB3C5 /* /Users/monter/Documents/primitive/src/externalModel.cpp */,
				AA36E2BF1EEB452F84FF4AB4 /* /Users/monter/Documents/primitive/src/main.cpp */,
			);
			name = "Source Files";
			sourceTree = "<group>";
		};
		1C58E1D1810944C6BA7E74AA = {
			isa = PBXGroup;
			children = (
				351C53AFFF2C42A0B2718F2E /* primitive */,
				AB3FF123584A4D4C8EFEAE95 /* ALL_BUILD */,
				253ECEBFADFE40DAB33CF19A /* Products */,
				31A0BD543B274E4AB87511F2 /* Frameworks */,
			);
			sourceTree = "<group>";
		};
		253ECEBFADFE40DAB33CF19A /* Products */ = {
			isa = PBXGroup;
			children = (
				22376D43D0164CE8BCBC76ED /* primitive */,
			);
			name = Products;
			sourceTree = "<group>";
		};
		31A0BD543B274E4AB87511F2 /* Frameworks */ = {
			isa = PBXGroup;
			children = (
			);
			name = Frameworks;
			sourceTree = "<group>";
		};
		351C53AFFF2C42A0B2718F2E /* primitive */ = {
			isa = PBXGroup;
			children = (
				0F913ADE60D34338926F5278 /* Source Files */,
				E2BB2C6701254B749D33F60D /* /Users/monter/Documents/primitive/CMakeLists.txt */,
			);
			name = primitive;
			sourceTree = "<group>";
		};
		A72C7951E27B4E74850A404B /* CMake Rules */ = {
			isa = PBXGroup;
			children = (
			);
			name = "CMake Rules";
			sourceTree = "<group>";
		};
		AB3FF123584A4D4C8EFEAE95 /* ALL_BUILD */ = {
			isa = PBXGroup;
			children = (
				A72C7951E27B4E74850A404B /* CMake Rules */,
				F23D373D19964C6786D5E7F8 /* /Users/monter/Documents/primitive/CMakeLists.txt */,
			);
			name = ALL_BUILD;
			sourceTree = "<group>";
		};
/* End PBXGroup section */

/* Begin PBXNativeTarget section */
		E7287A49441247B5B46B335E /* primitive */ = {
			isa = PBXNativeTarget;
			buildConfigurationList = 056907D42BFC4E54965C0E22 /* Build configuration list for PBXNativeTarget "primitive" */;
			buildPhases = (
				D79630722FCC477789F480F2 /* Sources */,
				8811F11927234CD89C4CFFEB /* Frameworks */,
			);
			buildRules = (
			);
			dependencies = (
				6A2F3CB1668D47D48C7BECC2 /* PBXTargetDependency */,
			);
			name = primitive;
			productName = primitive;
			productReference = 22376D43D0164CE8BCBC76ED /* primitive */;
			productType = "com.apple.product-type.tool";
		};
/* End PBXNativeTarget section */

/* Begin PBXProject section */
		3396D8B4A13C449188789D3B /* Project object */ = {
			isa = PBXProject;
			attributes = {
				BuildIndependentTargetsInParallel = YES;
				LastUpgradeCheck = 1250;
			};
			buildConfigurationList = 3C9CBDF278D940449F699284 /* Build configuration list for PBXProject "primitive" */;
			buildSettings = {
			};
			buildStyles = (
				1CE12AA07A8C4B57B31B0797 /* Debug */,
				656833BF9C7D48958948F8C6 /* Release */,
				C5345B09D9694CF18872DB38 /* MinSizeRel */,
				FD3287BE5A3246969536E439 /* RelWithDebInfo */,
			);
			compatibilityVersion = "Xcode 3.2";
			hasScannedForEncodings = 0;
			mainGroup = 1C58E1D1810944C6BA7E74AA;
			projectDirPath = .;
			projectRoot = "";
			targets = (
				3513297849DD4777A25A2320 /* ALL_BUILD */,
				33EE8819B6A84C5B92BCD673 /* ZERO_CHECK */,
				E7287A49441247B5B46B335E /* primitive */,
			);
		};
/* End PBXProject section */

/* Begin PBXShellScriptBuildPhase section */
		3C0110FC8322DE7E50886E21 = {
			isa = PBXShellScriptBuildPhase;
			buildActionMask = 2147483647;
			files = (
			);
			inputPaths = (
			);
			outputPaths = (
			);
			runOnlyForDeploymentPostprocessing = 0;
			shellPath = /bin/sh;
			shellScript = "# shell script goes here
exit 0";
			showEnvVarsInLog = 0;
		};
		6FEAF7764D2C5378F092A300 /* Generate CMakeFiles/ZERO_CHECK */ = {
			isa = PBXShellScriptBuildPhase;
			alwaysOutOfDate = 1;
			buildActionMask = 2147483647;
			files = (
			);
			inputPaths = (
			);
			name = "Generate CMakeFiles/ZERO_CHECK";
			outputPaths = (
/Users/monter/Documents/primitive/CMakeFiles/ZERO_CHECK			);
			runOnlyForDeploymentPostprocessing = 0;
			shellPath = /bin/sh;
			shellScript = "set -e
if test \"$CONFIGURATION\" = \"Debug\"; then :
  cd /Users/monter/Documents/primitive
  make -f /Users/monter/Documents/primitive/CMakeScripts/ReRunCMake.make
fi
if test \"$CONFIGURATION\" = \"Release\"; then :
  cd /Users/monter/Documents/primitive
  make -f /Users/monter/Documents/primitive/CMakeScripts/ReRunCMake.make
fi
if test \"$CONFIGURATION\" = \"MinSizeRel\"; then :
  cd /Users/monter/Documents/primitive
  make -f /Users/monter/Documents/primitive/CMakeScripts/ReRunCMake.make
fi
if test \"$CONFIGURATION\" = \"RelWithDebInfo\"; then :
  cd /Users/monter/Documents/primitive
  make -f /Users/monter/Documents/primitive/CMakeScripts/ReRunCMake.make
fi
";
			showEnvVarsInLog = 0;
		};
		9B50530E35CC49C82C2FACCF = {
			isa = PBXShellScriptBuildPhase;
			buildActionMask = 2147483647;
			files = (
			);
			inputPaths = (
			);
			outputPaths = (
			);
			runOnlyForDeploymentPostprocessing = 0;
			shellPath = /bin/sh;
			shellScript = "# shell script goes here
exit 0";
			showEnvVarsInLog = 0;
		};
		C2E124CD627F5C6D2212A12F /* Generate CMakeFiles/ALL_BUILD */ = {
			isa = PBXShellScriptBuildPhase;
			alwaysOutOfDate = 1;
			buildActionMask = 2147483647;
			files = (
			);
			inputPaths = (
			);
			name = "Generate CMakeFiles/ALL_BUILD";
			outputPaths = (
/Users/monter/Documents/primitive/CMakeFiles/ALL_BUILD			);
			runOnlyForDeploymentPostprocessing = 0;
			shellPath = /bin/sh;
			shellScript = "set -e
if test \"$CONFIGURATION\" = \"Debug\"; then :
  cd /Users/monter/Documents/primitive
  echo Build\\ all\\ projects
fi
if test \"$CONFIGURATION\" = \"Release\"; then :
  cd /Users/monter/Documents/primitive
  echo Build\\ all\\ projects
fi
if test \"$CONFIGURATION\" = \"MinSizeRel\"; then :
  cd /Users/monter/Documents/primitive
  echo Build\\ all\\ projects
fi
if test \"$CONFIGURATION\" = \"RelWithDebInfo\"; then :
  cd /Users/monter/Documents/primitive
  echo Build\\ all\\ projects
fi
";
			showEnvVarsInLog = 0;
		};
/* End PBXShellScriptBuildPhase section */

/* Begin PBXSourcesBuildPhase section */
		D79630722FCC477789F480F2 /* Sources */ = {
			isa = PBXSourcesBuildPhase;
			buildActionMask = 2147483647;
			files = (
				07ADA7785756443B8BBA94A1 /* /Users/monter/Documents/primitive/include/imgui/examples/imgui_impl_glfw.cpp */,
				DC9E154D7A5A4006AD906B96 /* /Users/monter/Documents/primitive/include/imgui/examples/imgui_impl_opengl3.cpp */,
				01967E344F8D43DF8D562212 /* /Users/monter/Documents/primitive/include/imgui/imgui.cpp */,
				557F2B32C4A247BE8DB45E77 /* /Users/monter/Documents/primitive/include/imgui/imgui_demo.cpp */,
				A4F06F3F2ED644E783580F1C /* /Users/monter/Documents/primitive/include/imgui/imgui_draw.cpp */,
				BC9519B18FAD42C3AD39535F /* /Users/monter/Documents/primitive/include/imgui/imgui_widgets.cpp */,
				902AC7A876584BA5B0C1C75C /* /Users/monter/Documents/primitive/src/Camera.cpp */,
				9AACE27D7F2D4C9EA1C03B11 /* /Users/monter/Documents/primitive/src/Collider.cpp */,
				A4A95882DE5B4E9FA36F0F02 /* /Users/monter/Documents/primitive/src/Core.cpp */,
				A9A32AFE2AA143BBBFF6DDCA /* /Users/monter/Documents/primitive/src/Game.cpp */,
				C3573DD7DB8E455BAC32CDDE /* /Users/monter/Documents/primitive/src/Input.cpp */,
				5EE349F883F944BA94778F0D /* /Users/monter/Documents/primitive/src/Mesh.cpp */,
				E846EA46EC5241F992147BAC /* /Users/monter/Documents/primitive/src/Model.cpp */,
				3B21DFE2BBDA46048756EFCE /* /Users/monter/Documents/primitive/src/Shader.cpp */,
				B4D0C6AA4DF3490E8B5F0FD9 /* /Users/monter/Documents/primitive/src/Sound.cpp */,
				A82E79CA6C9746A99907DBCD /* /Users/monter/Documents/primitive/src/Texture.cpp */,
				62C96008E5A04D979DE52A32 /* /Users/monter/Documents/primitive/src/Window.cpp */,
				DA5367CDB3CB4FD39338FFBD /* /Users/monter/Documents/primitive/src/externalModel.cpp */,
				B15666ECB4AB44C7865F82FE /* /Users/monter/Documents/primitive/src/main.cpp */,
			);
			runOnlyForDeploymentPostprocessing = 0;
		};
/* End PBXSourcesBuildPhase section */

/* Begin PBXTargetDependency section */
		33785D52CD844EABA4B8BA1D /* PBXTargetDependency */ = {
			isa = PBXTargetDependency;
			target = E7287A49441247B5B46B335E /* primitive */;
			targetProxy = 01AA6BD08DE24262A7DDD148 /* PBXContainerItemProxy */;
		};
		6A2F3CB1668D47D48C7BECC2 /* PBXTargetDependency */ = {
			isa = PBXTargetDependency;
			target = 33EE8819B6A84C5B92BCD673 /* ZERO_CHECK */;
			targetProxy = 5467C2DC339C4F129BD59998 /* PBXContainerItemProxy */;
		};
		F3E6F56589124A3E87726464 /* PBXTargetDependency */ = {
			isa = PBXTargetDependency;
			target = 33EE8819B6A84C5B92BCD673 /* ZERO_CHECK */;
			targetProxy = 9B173F562B0D46109D99B3A8 /* PBXContainerItemProxy */;
		};
/* End PBXTargetDependency section */

/* Begin XCBuildConfiguration section */
		0AB749006B064F87998B0007 /* RelWithDebInfo */ = {
			isa = XCBuildConfiguration;
			buildSettings = {
				ARCHS = arm64;
				SDKROOT = /Applications/Xcode.app/Contents/Developer/Platforms/MacOSX.platform/Developer/SDKs/MacOSX11.3.sdk;
				SYMROOT = /Users/monter/Documents/primitive/build;
			};
			name = RelWithDebInfo;
		};
		2A09617293A9444A81C26A9E /* Release */ = {
			isa = XCBuildConfiguration;
			buildSettings = {
				ARCHS = arm64;
				COMBINE_HIDPI_IMAGES = YES;
				EXECUTABLE_PREFIX = "";
				EXECUTABLE_SUFFIX = "";
				GCC_GENERATE_DEBUGGING_SYMBOLS = YES;
				GCC_INLINES_ARE_PRIVATE_EXTERN = NO;
				GCC_OPTIMIZATION_LEVEL = 3;
				GCC_PREPROCESSOR_DEFINITIONS = ("'CMAKE_INTDIR=\"$(CONFIGURATION)$(EFFECTIVE_PLATFORM_NAME)\"'");
				GCC_SYMBOLS_PRIVATE_EXTERN = NO;
				HEADER_SEARCH_PATHS = (/Users/monter/Documents/primitive/include/APPLE,/Users/monter/Documents/primitive/include/APPLE/GL,/Users/monter/Documents/primitive/include/APPLE/GLFW,/Users/monter/Documents/primitive/include,/Users/monter/Documents/primitive/include/glm,/Users/monter/Documents/primitive/include/imgui,"$(inherited)");
				INSTALL_PATH = "";
				LD_RUNPATH_SEARCH_PATHS = (/Users/monter/Documents/primitive/lib/APPLE,"$(inherited)");
				LIBRARY_SEARCH_PATHS = ("/Users/monter/Documents/primitive/lib/APPLE/$(CONFIGURATION)$(EFFECTIVE_PLATFORM_NAME)",/Users/monter/Documents/primitive/lib/APPLE,"$(inherited)");
				ONLY_ACTIVE_ARCH = NO;
				OTHER_CPLUSPLUSFLAGS = "         -DNDEBUG '-std=gnu++17' ";
				OTHER_LDFLAGS = (" -Wl,-search_paths_first -Wl,-headerpad_max_install_names","-framework OpenGL -framework AppKit -framework IOKit","-lnfd","-lassimp.5.0.1","-lglfw3","-lGLEW");
				OTHER_REZFLAGS = "";
				PRODUCT_NAME = primitive;
				SECTORDER_FLAGS = "";
				SYMROOT = /Users/monter/Documents/primitive;
				USE_HEADERMAP = NO;
				WARNING_CFLAGS = ("$(inherited)");
			};
			name = Release;
		};
		2F341624768F4C5BAB6B809E /* RelWithDebInfo */ = {
			isa = XCBuildConfiguration;
			buildSettings = {
				ARCHS = arm64;
				COMBINE_HIDPI_IMAGES = YES;
				EXECUTABLE_PREFIX = "";
				EXECUTABLE_SUFFIX = "";
				GCC_GENERATE_DEBUGGING_SYMBOLS = YES;
				GCC_INLINES_ARE_PRIVATE_EXTERN = NO;
				GCC_OPTIMIZATION_LEVEL = 2;
				GCC_PREPROCESSOR_DEFINITIONS = ("'CMAKE_INTDIR=\"$(CONFIGURATION)$(EFFECTIVE_PLATFORM_NAME)\"'");
				GCC_SYMBOLS_PRIVATE_EXTERN = NO;
				HEADER_SEARCH_PATHS = (/Users/monter/Documents/primitive/include/APPLE,/Users/monter/Documents/primitive/include/APPLE/GL,/Users/monter/Documents/primitive/include/APPLE/GLFW,/Users/monter/Documents/primitive/include,/Users/monter/Documents/primitive/include/glm,/Users/monter/Documents/primitive/include/imgui,"$(inherited)");
				INSTALL_PATH = "";
				LD_RUNPATH_SEARCH_PATHS = (/Users/monter/Documents/primitive/lib/APPLE,"$(inherited)");
				LIBRARY_SEARCH_PATHS = ("/Users/monter/Documents/primitive/lib/APPLE/$(CONFIGURATION)$(EFFECTIVE_PLATFORM_NAME)",/Users/monter/Documents/primitive/lib/APPLE,"$(inherited)");
				ONLY_ACTIVE_ARCH = NO;
				OTHER_CPLUSPLUSFLAGS = "            -DNDEBUG '-std=gnu++17' ";
				OTHER_LDFLAGS = (" -Wl,-search_paths_first -Wl,-headerpad_max_install_names","-framework OpenGL -framework AppKit -framework IOKit","-lnfd","-lassimp.5.0.1","-lglfw3","-lGLEW");
				OTHER_REZFLAGS = "";
				PRODUCT_NAME = primitive;
				SECTORDER_FLAGS = "";
				SYMROOT = /Users/monter/Documents/primitive;
				USE_HEADERMAP = NO;
				WARNING_CFLAGS = ("$(inherited)");
			};
			name = RelWithDebInfo;
		};
		43CCCF05C05F42B39E17DB77 /* Release */ = {
			isa = XCBuildConfiguration;
			buildSettings = {
				ARCHS = arm64;
				SDKROOT = /Applications/Xcode.app/Contents/Developer/Platforms/MacOSX.platform/Developer/SDKs/MacOSX11.3.sdk;
				SYMROOT = /Users/monter/Documents/primitive/build;
			};
			name = Release;
		};
		65BB02DE9D6844EEA40A1E8B /* RelWithDebInfo */ = {
			isa = XCBuildConfiguration;
			buildSettings = {
				ARCHS = arm64;
				COMBINE_HIDPI_IMAGES = YES;
				GCC_GENERATE_DEBUGGING_SYMBOLS = YES;
				GCC_INLINES_ARE_PRIVATE_EXTERN = NO;
				GCC_OPTIMIZATION_LEVEL = 0;
				GCC_PREPROCESSOR_DEFINITIONS = ("'CMAKE_INTDIR=\"$(CONFIGURATION)$(EFFECTIVE_PLATFORM_NAME)\"'");
				GCC_SYMBOLS_PRIVATE_EXTERN = NO;
				INSTALL_PATH = "";
				ONLY_ACTIVE_ARCH = NO;
				OTHER_LDFLAGS = ("");
				OTHER_REZFLAGS = "";
				PRODUCT_NAME = ALL_BUILD;
				SECTORDER_FLAGS = "";
				SYMROOT = /Users/monter/Documents/primitive;
				USE_HEADERMAP = NO;
				WARNING_CFLAGS = ("$(inherited)");
			};
			name = RelWithDebInfo;
		};
		6A689A55DBAB4F9FA0245611 /* MinSizeRel */ = {
			isa = XCBuildConfiguration;
			buildSettings = {
				ARCHS = arm64;
				SDKROOT = /Applications/Xcode.app/Contents/Developer/Platforms/MacOSX.platform/Developer/SDKs/MacOSX11.3.sdk;
				SYMROOT = /Users/monter/Documents/primitive/build;
			};
			name = MinSizeRel;
		};
		6C086A9E733C4A2883CB9E0E /* Release */ = {
			isa = XCBuildConfiguration;
			buildSettings = {
				ARCHS = arm64;
				COMBINE_HIDPI_IMAGES = YES;
				GCC_GENERATE_DEBUGGING_SYMBOLS = YES;
				GCC_INLINES_ARE_PRIVATE_EXTERN = NO;
				GCC_OPTIMIZATION_LEVEL = 0;
				GCC_PREPROCESSOR_DEFINITIONS = ("'CMAKE_INTDIR=\"$(CONFIGURATION)$(EFFECTIVE_PLATFORM_NAME)\"'");
				GCC_SYMBOLS_PRIVATE_EXTERN = NO;
				INSTALL_PATH = "";
				ONLY_ACTIVE_ARCH = NO;
				OTHER_LDFLAGS = ("");
				OTHER_REZFLAGS = "";
				PRODUCT_NAME = ZERO_CHECK;
				SECTORDER_FLAGS = "";
				SYMROOT = /Users/monter/Documents/primitive;
				USE_HEADERMAP = NO;
				WARNING_CFLAGS = ("$(inherited)");
			};
			name = Release;
		};
		77EBCDE42B8F4512950B9F30 /* Debug */ = {
			isa = XCBuildConfiguration;
			buildSettings = {
				ARCHS = arm64;
				SDKROOT = /Applications/Xcode.app/Contents/Developer/Platforms/MacOSX.platform/Developer/SDKs/MacOSX11.3.sdk;
				SYMROOT = /Users/monter/Documents/primitive/build;
			};
			name = Debug;
		};
		83782671560145EFBB511499 /* RelWithDebInfo */ = {
			isa = XCBuildConfiguration;
			buildSettings = {
				ARCHS = arm64;
				COMBINE_HIDPI_IMAGES = YES;
				GCC_GENERATE_DEBUGGING_SYMBOLS = YES;
				GCC_INLINES_ARE_PRIVATE_EXTERN = NO;
				GCC_OPTIMIZATION_LEVEL = 0;
				GCC_PREPROCESSOR_DEFINITIONS = ("'CMAKE_INTDIR=\"$(CONFIGURATION)$(EFFECTIVE_PLATFORM_NAME)\"'");
				GCC_SYMBOLS_PRIVATE_EXTERN = NO;
				INSTALL_PATH = "";
				ONLY_ACTIVE_ARCH = NO;
				OTHER_LDFLAGS = ("");
				OTHER_REZFLAGS = "";
				PRODUCT_NAME = ZERO_CHECK;
				SECTORDER_FLAGS = "";
				SYMROOT = /Users/monter/Documents/primitive;
				USE_HEADERMAP = NO;
				WARNING_CFLAGS = ("$(inherited)");
			};
			name = RelWithDebInfo;
		};
		8963602090754D67A0DA6CC4 /* Debug */ = {
			isa = XCBuildConfiguration;
			buildSettings = {
				ARCHS = arm64;
				COMBINE_HIDPI_IMAGES = YES;
				GCC_GENERATE_DEBUGGING_SYMBOLS = YES;
				GCC_INLINES_ARE_PRIVATE_EXTERN = NO;
				GCC_OPTIMIZATION_LEVEL = 0;
				GCC_PREPROCESSOR_DEFINITIONS = ("'CMAKE_INTDIR=\"$(CONFIGURATION)$(EFFECTIVE_PLATFORM_NAME)\"'");
				GCC_SYMBOLS_PRIVATE_EXTERN = NO;
				INSTALL_PATH = "";
				ONLY_ACTIVE_ARCH = NO;
				OTHER_LDFLAGS = ("");
				OTHER_REZFLAGS = "";
				PRODUCT_NAME = ALL_BUILD;
				SECTORDER_FLAGS = "";
				SYMROOT = /Users/monter/Documents/primitive;
				USE_HEADERMAP = NO;
				WARNING_CFLAGS = ("$(inherited)");
			};
			name = Debug;
		};
		90DE9B0E14A34C3FB0925BCD /* MinSizeRel */ = {
			isa = XCBuildConfiguration;
			buildSettings = {
				ARCHS = arm64;
				COMBINE_HIDPI_IMAGES = YES;
				EXECUTABLE_PREFIX = "";
				EXECUTABLE_SUFFIX = "";
				GCC_GENERATE_DEBUGGING_SYMBOLS = YES;
				GCC_INLINES_ARE_PRIVATE_EXTERN = NO;
				GCC_OPTIMIZATION_LEVEL = s;
				GCC_PREPROCESSOR_DEFINITIONS = ("'CMAKE_INTDIR=\"$(CONFIGURATION)$(EFFECTIVE_PLATFORM_NAME)\"'");
				GCC_SYMBOLS_PRIVATE_EXTERN = NO;
				HEADER_SEARCH_PATHS = (/Users/monter/Documents/primitive/include/APPLE,/Users/monter/Documents/primitive/include/APPLE/GL,/Users/monter/Documents/primitive/include/APPLE/GLFW,/Users/monter/Documents/primitive/include,/Users/monter/Documents/primitive/include/glm,/Users/monter/Documents/primitive/include/imgui,"$(inherited)");
				INSTALL_PATH = "";
				LD_RUNPATH_SEARCH_PATHS = (/Users/monter/Documents/primitive/lib/APPLE,"$(inherited)");
				LIBRARY_SEARCH_PATHS = ("/Users/monter/Documents/primitive/lib/APPLE/$(CONFIGURATION)$(EFFECTIVE_PLATFORM_NAME)",/Users/monter/Documents/primitive/lib/APPLE,"$(inherited)");
				ONLY_ACTIVE_ARCH = NO;
				OTHER_CPLUSPLUSFLAGS = "         -DNDEBUG '-std=gnu++17' ";
				OTHER_LDFLAGS = (" -Wl,-search_paths_first -Wl,-headerpad_max_install_names","-framework OpenGL -framework AppKit -framework IOKit","-lnfd","-lassimp.5.0.1","-lglfw3","-lGLEW");
				OTHER_REZFLAGS = "";
				PRODUCT_NAME = primitive;
				SECTORDER_FLAGS = "";
				SYMROOT = /Users/monter/Documents/primitive;
				USE_HEADERMAP = NO;
				WARNING_CFLAGS = ("$(inherited)");
			};
			name = MinSizeRel;
		};
		956D7E14B16B43A19D91F44F /* Debug */ = {
			isa = XCBuildConfiguration;
			buildSettings = {
				ARCHS = arm64;
				COMBINE_HIDPI_IMAGES = YES;
				EXECUTABLE_PREFIX = "";
				EXECUTABLE_SUFFIX = "";
				GCC_GENERATE_DEBUGGING_SYMBOLS = YES;
				GCC_INLINES_ARE_PRIVATE_EXTERN = NO;
				GCC_OPTIMIZATION_LEVEL = 0;
				GCC_PREPROCESSOR_DEFINITIONS = ("'CMAKE_INTDIR=\"$(CONFIGURATION)$(EFFECTIVE_PLATFORM_NAME)\"'");
				GCC_SYMBOLS_PRIVATE_EXTERN = NO;
				HEADER_SEARCH_PATHS = (/Users/monter/Documents/primitive/include/APPLE,/Users/monter/Documents/primitive/include/APPLE/GL,/Users/monter/Documents/primitive/include/APPLE/GLFW,/Users/monter/Documents/primitive/include,/Users/monter/Documents/primitive/include/glm,/Users/monter/Documents/primitive/include/imgui,"$(inherited)");
				INSTALL_PATH = "";
				LD_RUNPATH_SEARCH_PATHS = (/Users/monter/Documents/primitive/lib/APPLE,"$(inherited)");
				LIBRARY_SEARCH_PATHS = ("/Users/monter/Documents/primitive/lib/APPLE/$(CONFIGURATION)$(EFFECTIVE_PLATFORM_NAME)",/Users/monter/Documents/primitive/lib/APPLE,"$(inherited)");
				ONLY_ACTIVE_ARCH = NO;
				OTHER_CPLUSPLUSFLAGS = "        '-std=gnu++17' ";
				OTHER_LDFLAGS = (" -Wl,-search_paths_first -Wl,-headerpad_max_install_names","-framework OpenGL -framework AppKit -framework IOKit","-lnfd","-lassimp.5.0.1","-lglfw3","-lGLEW");
				OTHER_REZFLAGS = "";
				PRODUCT_NAME = primitive;
				SECTORDER_FLAGS = "";
				SYMROOT = /Users/monter/Documents/primitive;
				USE_HEADERMAP = NO;
				WARNING_CFLAGS = ("$(inherited)");
			};
			name = Debug;
		};
		A71B39308D1F4156BA85764E /* MinSizeRel */ = {
			isa = XCBuildConfiguration;
			buildSettings = {
				ARCHS = arm64;
				COMBINE_HIDPI_IMAGES = YES;
				GCC_GENERATE_DEBUGGING_SYMBOLS = YES;
				GCC_INLINES_ARE_PRIVATE_EXTERN = NO;
				GCC_OPTIMIZATION_LEVEL = 0;
				GCC_PREPROCESSOR_DEFINITIONS = ("'CMAKE_INTDIR=\"$(CONFIGURATION)$(EFFECTIVE_PLATFORM_NAME)\"'");
				GCC_SYMBOLS_PRIVATE_EXTERN = NO;
				INSTALL_PATH = "";
				ONLY_ACTIVE_ARCH = NO;
				OTHER_LDFLAGS = ("");
				OTHER_REZFLAGS = "";
				PRODUCT_NAME = ALL_BUILD;
				SECTORDER_FLAGS = "";
				SYMROOT = /Users/monter/Documents/primitive;
				USE_HEADERMAP = NO;
				WARNING_CFLAGS = ("$(inherited)");
			};
			name = MinSizeRel;
		};
		B51A2C52420845358664998F /* Release */ = {
			isa = XCBuildConfiguration;
			buildSettings = {
				ARCHS = arm64;
				COMBINE_HIDPI_IMAGES = YES;
				GCC_GENERATE_DEBUGGING_SYMBOLS = YES;
				GCC_INLINES_ARE_PRIVATE_EXTERN = NO;
				GCC_OPTIMIZATION_LEVEL = 0;
				GCC_PREPROCESSOR_DEFINITIONS = ("'CMAKE_INTDIR=\"$(CONFIGURATION)$(EFFECTIVE_PLATFORM_NAME)\"'");
				GCC_SYMBOLS_PRIVATE_EXTERN = NO;
				INSTALL_PATH = "";
				ONLY_ACTIVE_ARCH = NO;
				OTHER_LDFLAGS = ("");
				OTHER_REZFLAGS = "";
				PRODUCT_NAME = ALL_BUILD;
				SECTORDER_FLAGS = "";
				SYMROOT = /Users/monter/Documents/primitive;
				USE_HEADERMAP = NO;
				WARNING_CFLAGS = ("$(inherited)");
			};
			name = Release;
		};
		D474B29F55394D7B92243E86 /* MinSizeRel */ = {
			isa = XCBuildConfiguration;
			buildSettings = {
				ARCHS = arm64;
				COMBINE_HIDPI_IMAGES = YES;
				GCC_GENERATE_DEBUGGING_SYMBOLS = YES;
				GCC_INLINES_ARE_PRIVATE_EXTERN = NO;
				GCC_OPTIMIZATION_LEVEL = 0;
				GCC_PREPROCESSOR_DEFINITIONS = ("'CMAKE_INTDIR=\"$(CONFIGURATION)$(EFFECTIVE_PLATFORM_NAME)\"'");
				GCC_SYMBOLS_PRIVATE_EXTERN = NO;
				INSTALL_PATH = "";
				ONLY_ACTIVE_ARCH = NO;
				OTHER_LDFLAGS = ("");
				OTHER_REZFLAGS = "";
				PRODUCT_NAME = ZERO_CHECK;
				SECTORDER_FLAGS = "";
				SYMROOT = /Users/monter/Documents/primitive;
				USE_HEADERMAP = NO;
				WARNING_CFLAGS = ("$(inherited)");
			};
			name = MinSizeRel;
		};
		E352CDC12A424774B098607D /* Debug */ = {
			isa = XCBuildConfiguration;
			buildSettings = {
				ARCHS = arm64;
				COMBINE_HIDPI_IMAGES = YES;
				GCC_GENERATE_DEBUGGING_SYMBOLS = YES;
				GCC_INLINES_ARE_PRIVATE_EXTERN = NO;
				GCC_OPTIMIZATION_LEVEL = 0;
				GCC_PREPROCESSOR_DEFINITIONS = ("'CMAKE_INTDIR=\"$(CONFIGURATION)$(EFFECTIVE_PLATFORM_NAME)\"'");
				GCC_SYMBOLS_PRIVATE_EXTERN = NO;
				INSTALL_PATH = "";
				ONLY_ACTIVE_ARCH = NO;
				OTHER_LDFLAGS = ("");
				OTHER_REZFLAGS = "";
				PRODUCT_NAME = ZERO_CHECK;
				SECTORDER_FLAGS = "";
				SYMROOT = /Users/monter/Documents/primitive;
				USE_HEADERMAP = NO;
				WARNING_CFLAGS = ("$(inherited)");
			};
			name = Debug;
		};
/* End XCBuildConfiguration section */

/* Begin XCConfigurationList section */
		056907D42BFC4E54965C0E22 /* Build configuration list for PBXNativeTarget "primitive" */ = {
			isa = XCConfigurationList;
			buildConfigurations = (
				956D7E14B16B43A19D91F44F /* Debug */,
				2A09617293A9444A81C26A9E /* Release */,
				90DE9B0E14A34C3FB0925BCD /* MinSizeRel */,
				2F341624768F4C5BAB6B809E /* RelWithDebInfo */,
			);
			defaultConfigurationIsVisible = 0;
			defaultConfigurationName = Debug;
		};
		37C1FF17793E4B4AA55569E8 /* Build configuration list for PBXAggregateTarget "ZERO_CHECK" */ = {
			isa = XCConfigurationList;
			buildConfigurations = (
				E352CDC12A424774B098607D /* Debug */,
				6C086A9E733C4A2883CB9E0E /* Release */,
				D474B29F55394D7B92243E86 /* MinSizeRel */,
				83782671560145EFBB511499 /* RelWithDebInfo */,
			);
			defaultConfigurationIsVisible = 0;
			defaultConfigurationName = Debug;
		};
		3C9CBDF278D940449F699284 /* Build configuration list for PBXProject "primitive" */ = {
			isa = XCConfigurationList;
			buildConfigurations = (
				77EBCDE42B8F4512950B9F30 /* Debug */,
				43CCCF05C05F42B39E17DB77 /* Release */,
				6A689A55DBAB4F9FA0245611 /* MinSizeRel */,
				0AB749006B064F87998B0007 /* RelWithDebInfo */,
			);
			defaultConfigurationIsVisible = 0;
			defaultConfigurationName = Debug;
		};
		CCC42D094201444E9DEDB182 /* Build configuration list for PBXAggregateTarget "ALL_BUILD" */ = {
			isa = XCConfigurationList;
			buildConfigurations = (
				8963602090754D67A0DA6CC4 /* Debug */,
				B51A2C52420845358664998F /* Release */,
				A71B39308D1F4156BA85764E /* MinSizeRel */,
				65BB02DE9D6844EEA40A1E8B /* RelWithDebInfo */,
			);
			defaultConfigurationIsVisible = 0;
			defaultConfigurationName = Debug;
		};
/* End XCConfigurationList section */
	};
	rootObject = 3396D8B4A13C449188789D3B /* Project object */;
}
