// !$*UTF8*$!
{
	archiveVersion = 1;
	classes = {
	};
	objectVersion = 46;
	objects = {

/* Begin PBXAggregateTarget section */
		7B49686165CB467FA33CBA8A /* ALL_BUILD */ = {
			isa = PBXAggregateTarget;
			buildConfigurationList = D520FBC05B77419AB534B6E4 /* Build configuration list for PBXAggregateTarget "ALL_BUILD" */;
			buildPhases = (
				9C148DEE1B804AFA9330D6B4 /* Generate CMakeFiles/ALL_BUILD */,
			);
			dependencies = (
				737F4361759C44D688400E62 /* PBXTargetDependency */,
				635DB683295B45F29665C1C8 /* PBXTargetDependency */,
			);
			name = ALL_BUILD;
			productName = ALL_BUILD;
		};
		BC498E49E0834D87B9D9C049 /* ZERO_CHECK */ = {
			isa = PBXAggregateTarget;
			buildConfigurationList = 12298314AC844AADA4945456 /* Build configuration list for PBXAggregateTarget "ZERO_CHECK" */;
			buildPhases = (
				B4A1721BEB17417089125496 /* Generate CMakeFiles/ZERO_CHECK */,
			);
			dependencies = (
			);
			name = ZERO_CHECK;
			productName = ZERO_CHECK;
		};
/* End PBXAggregateTarget section */

/* Begin PBXBuildFile section */
		0887D05123734E9984A65AA9 /* /Users/monter/Documents/primitive/src/Mesh.cpp */ = {isa = PBXBuildFile; fileRef = 3C031F9465B84034AE392494 /* /Users/monter/Documents/primitive/src/Mesh.cpp */; };
		1681797FBA8444A991F69EBE /* /Users/monter/Documents/primitive/src/Shader.cpp */ = {isa = PBXBuildFile; fileRef = 2FCCFA8DD5A84B4786274F39 /* /Users/monter/Documents/primitive/src/Shader.cpp */; };
		2ECEFB6DDAC9454FA8D667DA /* /Users/monter/Documents/primitive/include/imgui/imgui_draw.cpp */ = {isa = PBXBuildFile; fileRef = D49697A7A3C34B7E9A4551B2 /* /Users/monter/Documents/primitive/include/imgui/imgui_draw.cpp */; };
		4196BA6EADB24A38B5E07528 /* /Users/monter/Documents/primitive/src/Collider.cpp */ = {isa = PBXBuildFile; fileRef = 1D1CF47DB2C64F8791C38A08 /* /Users/monter/Documents/primitive/src/Collider.cpp */; };
		52CAC9969A1C44C8ABA93721 /* /Users/monter/Documents/primitive/include/imgui/examples/imgui_impl_glfw.cpp */ = {isa = PBXBuildFile; fileRef = 8955FCE8AAAE4441BBBA2047 /* /Users/monter/Documents/primitive/include/imgui/examples/imgui_impl_glfw.cpp */; };
		5C43610260BD4D73B0A4A28D /* /Users/monter/Documents/primitive/include/imgui/imgui_widgets.cpp */ = {isa = PBXBuildFile; fileRef = F05D7169B15848E88CF0C5FF /* /Users/monter/Documents/primitive/include/imgui/imgui_widgets.cpp */; };
		5C7CD8A92EAE4663A21B4C41 /* /Users/monter/Documents/primitive/include/imgui/imgui.cpp */ = {isa = PBXBuildFile; fileRef = E997959435C9402A911A1068 /* /Users/monter/Documents/primitive/include/imgui/imgui.cpp */; };
		6BC78648DA1649B49CC150BA /* /Users/monter/Documents/primitive/include/imgui/imgui_demo.cpp */ = {isa = PBXBuildFile; fileRef = 9B8CB40FD87E4D8CAD33D594 /* /Users/monter/Documents/primitive/include/imgui/imgui_demo.cpp */; };
		76B22EBFCBAF4FA5B77D91A2 /* /Users/monter/Documents/primitive/src/Window.cpp */ = {isa = PBXBuildFile; fileRef = 42DA53DE1FBB483D8A38E470 /* /Users/monter/Documents/primitive/src/Window.cpp */; };
		8305D78F74B242E790F9E2A1 /* /Users/monter/Documents/primitive/src/externalModel.cpp */ = {isa = PBXBuildFile; fileRef = 6EF491C92BD04F3BAD41EB40 /* /Users/monter/Documents/primitive/src/externalModel.cpp */; };
		97872D3E0BBD43BF8B1E135F /* /Users/monter/Documents/primitive/CMakeLists.txt */ = {isa = PBXBuildFile; fileRef = EB87318466D249E8B3C80F78 /* /Users/monter/Documents/primitive/CMakeLists.txt */; };
		992154E5A4224F6FB6B28482 /* /Users/monter/Documents/primitive/src/Input.cpp */ = {isa = PBXBuildFile; fileRef = 1237ADB86913424681214967 /* /Users/monter/Documents/primitive/src/Input.cpp */; };
		C6848C871878418F996D7F87 /* /Users/monter/Documents/primitive/src/Sound.cpp */ = {isa = PBXBuildFile; fileRef = 3C20AE017CEC4140A8AEBB10 /* /Users/monter/Documents/primitive/src/Sound.cpp */; };
		CB4A491FF3B14C44824DBDFE /* /Users/monter/Documents/primitive/src/Game.cpp */ = {isa = PBXBuildFile; fileRef = D760EEF0F408408581B80DD4 /* /Users/monter/Documents/primitive/src/Game.cpp */; };
		D35B697C700743A9AA36BF8C /* /Users/monter/Documents/primitive/src/Texture.cpp */ = {isa = PBXBuildFile; fileRef = BB0E7B4EDD574B46BD8145CC /* /Users/monter/Documents/primitive/src/Texture.cpp */; };
		D45D31844DCA4F50908DD4A8 /* /Users/monter/Documents/primitive/src/main.cpp */ = {isa = PBXBuildFile; fileRef = 09A80EA0DF6B4727972FD98E /* /Users/monter/Documents/primitive/src/main.cpp */; };
		E2A985A5E03E426FB9D67059 /* /Users/monter/Documents/primitive/src/Model.cpp */ = {isa = PBXBuildFile; fileRef = AEACC163E3D6473B83A0E018 /* /Users/monter/Documents/primitive/src/Model.cpp */; };
		E514F6FC294F4DCD9C9F1418 /* /Users/monter/Documents/primitive/include/imgui/examples/imgui_impl_opengl3.cpp */ = {isa = PBXBuildFile; fileRef = 1699F0D730484696ADBC4A86 /* /Users/monter/Documents/primitive/include/imgui/examples/imgui_impl_opengl3.cpp */; };
		FCB55CCEFDE0492EAA21FC76 /* /Users/monter/Documents/primitive/src/Core.cpp */ = {isa = PBXBuildFile; fileRef = 0480525D4E074524A82DDCCA /* /Users/monter/Documents/primitive/src/Core.cpp */; };
		FED07B2C0E2949EE8686013B /* /Users/monter/Documents/primitive/src/Camera.cpp */ = {isa = PBXBuildFile; fileRef = 28090753CC8D4097A9F9300A /* /Users/monter/Documents/primitive/src/Camera.cpp */; };
/* End PBXBuildFile section */

/* Begin PBXBuildStyle section */
		457F798DEBCF47C5978DCD35 /* MinSizeRel */ = {
			isa = PBXBuildStyle;
			buildSettings = {
				COPY_PHASE_STRIP = NO;
			};
			name = MinSizeRel;
		};
		6382DA8A53C04FC3A602E32C /* Release */ = {
			isa = PBXBuildStyle;
			buildSettings = {
				COPY_PHASE_STRIP = NO;
			};
			name = Release;
		};
		690552FF760A4C99A6B20B84 /* RelWithDebInfo */ = {
			isa = PBXBuildStyle;
			buildSettings = {
				COPY_PHASE_STRIP = NO;
			};
			name = RelWithDebInfo;
		};
		6BD4A51853654D7A96F69A6A /* Debug */ = {
			isa = PBXBuildStyle;
			buildSettings = {
				COPY_PHASE_STRIP = NO;
			};
			name = Debug;
		};
/* End PBXBuildStyle section */

/* Begin PBXContainerItemProxy section */
		22887887A8E44A59861DF00F /* PBXContainerItemProxy */ = {
			isa = PBXContainerItemProxy;
			containerPortal = 37AB5B91CCD643699379D9AC /* Project object */;
			proxyType = 1;
			remoteGlobalIDString = BC498E49E0834D87B9D9C049;
			remoteInfo = ZERO_CHECK;
		};
		C7A9F8E753C84FB98EF5BE73 /* PBXContainerItemProxy */ = {
			isa = PBXContainerItemProxy;
			containerPortal = 37AB5B91CCD643699379D9AC /* Project object */;
			proxyType = 1;
			remoteGlobalIDString = F126D1E1578D43108A6625FA;
			remoteInfo = primitive;
		};
		D42234B22A0B464182AF590E /* PBXContainerItemProxy */ = {
			isa = PBXContainerItemProxy;
			containerPortal = 37AB5B91CCD643699379D9AC /* Project object */;
			proxyType = 1;
			remoteGlobalIDString = BC498E49E0834D87B9D9C049;
			remoteInfo = ZERO_CHECK;
		};
/* End PBXContainerItemProxy section */

/* Begin PBXFileReference section */
		02E593CBDEE647339E006AEB /* /Users/monter/Documents/primitive/CMakeLists.txt */ = {isa = PBXFileReference; explicitFileType = sourcecode.text; fileEncoding = 4; name = CMakeLists.txt; path = CMakeLists.txt; sourceTree = SOURCE_ROOT; };
		0480525D4E074524A82DDCCA /* /Users/monter/Documents/primitive/src/Core.cpp */ = {isa = PBXFileReference; explicitFileType = sourcecode.cpp.cpp; fileEncoding = 4; name = Core.cpp; path = src/Core.cpp; sourceTree = SOURCE_ROOT; };
		09A80EA0DF6B4727972FD98E /* /Users/monter/Documents/primitive/src/main.cpp */ = {isa = PBXFileReference; explicitFileType = sourcecode.cpp.cpp; fileEncoding = 4; name = main.cpp; path = src/main.cpp; sourceTree = SOURCE_ROOT; };
		1237ADB86913424681214967 /* /Users/monter/Documents/primitive/src/Input.cpp */ = {isa = PBXFileReference; explicitFileType = sourcecode.cpp.cpp; fileEncoding = 4; name = Input.cpp; path = src/Input.cpp; sourceTree = SOURCE_ROOT; };
		1699F0D730484696ADBC4A86 /* /Users/monter/Documents/primitive/include/imgui/examples/imgui_impl_opengl3.cpp */ = {isa = PBXFileReference; explicitFileType = sourcecode.cpp.cpp; fileEncoding = 4; name = imgui_impl_opengl3.cpp; path = include/imgui/examples/imgui_impl_opengl3.cpp; sourceTree = SOURCE_ROOT; };
		1D1CF47DB2C64F8791C38A08 /* /Users/monter/Documents/primitive/src/Collider.cpp */ = {isa = PBXFileReference; explicitFileType = sourcecode.cpp.cpp; fileEncoding = 4; name = Collider.cpp; path = src/Collider.cpp; sourceTree = SOURCE_ROOT; };
		28090753CC8D4097A9F9300A /* /Users/monter/Documents/primitive/src/Camera.cpp */ = {isa = PBXFileReference; explicitFileType = sourcecode.cpp.cpp; fileEncoding = 4; name = Camera.cpp; path = src/Camera.cpp; sourceTree = SOURCE_ROOT; };
		28FB91E5AE0D4F73AAE476BC /* primitive */ = {isa = PBXFileReference; explicitFileType = "compiled.mach-o.executable"; path = primitive; sourceTree = BUILT_PRODUCTS_DIR; };
		2FCCFA8DD5A84B4786274F39 /* /Users/monter/Documents/primitive/src/Shader.cpp */ = {isa = PBXFileReference; explicitFileType = sourcecode.cpp.cpp; fileEncoding = 4; name = Shader.cpp; path = src/Shader.cpp; sourceTree = SOURCE_ROOT; };
		3C031F9465B84034AE392494 /* /Users/monter/Documents/primitive/src/Mesh.cpp */ = {isa = PBXFileReference; explicitFileType = sourcecode.cpp.cpp; fileEncoding = 4; name = Mesh.cpp; path = src/Mesh.cpp; sourceTree = SOURCE_ROOT; };
		3C20AE017CEC4140A8AEBB10 /* /Users/monter/Documents/primitive/src/Sound.cpp */ = {isa = PBXFileReference; explicitFileType = sourcecode.cpp.cpp; fileEncoding = 4; name = Sound.cpp; path = src/Sound.cpp; sourceTree = SOURCE_ROOT; };
		42DA53DE1FBB483D8A38E470 /* /Users/monter/Documents/primitive/src/Window.cpp */ = {isa = PBXFileReference; explicitFileType = sourcecode.cpp.cpp; fileEncoding = 4; name = Window.cpp; path = src/Window.cpp; sourceTree = SOURCE_ROOT; };
		6EF491C92BD04F3BAD41EB40 /* /Users/monter/Documents/primitive/src/externalModel.cpp */ = {isa = PBXFileReference; explicitFileType = sourcecode.cpp.cpp; fileEncoding = 4; name = externalModel.cpp; path = src/externalModel.cpp; sourceTree = SOURCE_ROOT; };
		8955FCE8AAAE4441BBBA2047 /* /Users/monter/Documents/primitive/include/imgui/examples/imgui_impl_glfw.cpp */ = {isa = PBXFileReference; explicitFileType = sourcecode.cpp.cpp; fileEncoding = 4; name = imgui_impl_glfw.cpp; path = include/imgui/examples/imgui_impl_glfw.cpp; sourceTree = SOURCE_ROOT; };
		9B8CB40FD87E4D8CAD33D594 /* /Users/monter/Documents/primitive/include/imgui/imgui_demo.cpp */ = {isa = PBXFileReference; explicitFileType = sourcecode.cpp.cpp; fileEncoding = 4; name = imgui_demo.cpp; path = include/imgui/imgui_demo.cpp; sourceTree = SOURCE_ROOT; };
		AEACC163E3D6473B83A0E018 /* /Users/monter/Documents/primitive/src/Model.cpp */ = {isa = PBXFileReference; explicitFileType = sourcecode.cpp.cpp; fileEncoding = 4; name = Model.cpp; path = src/Model.cpp; sourceTree = SOURCE_ROOT; };
		BB0E7B4EDD574B46BD8145CC /* /Users/monter/Documents/primitive/src/Texture.cpp */ = {isa = PBXFileReference; explicitFileType = sourcecode.cpp.cpp; fileEncoding = 4; name = Texture.cpp; path = src/Texture.cpp; sourceTree = SOURCE_ROOT; };
		D49697A7A3C34B7E9A4551B2 /* /Users/monter/Documents/primitive/include/imgui/imgui_draw.cpp */ = {isa = PBXFileReference; explicitFileType = sourcecode.cpp.cpp; fileEncoding = 4; name = imgui_draw.cpp; path = include/imgui/imgui_draw.cpp; sourceTree = SOURCE_ROOT; };
		D760EEF0F408408581B80DD4 /* /Users/monter/Documents/primitive/src/Game.cpp */ = {isa = PBXFileReference; explicitFileType = sourcecode.cpp.cpp; fileEncoding = 4; name = Game.cpp; path = src/Game.cpp; sourceTree = SOURCE_ROOT; };
		E997959435C9402A911A1068 /* /Users/monter/Documents/primitive/include/imgui/imgui.cpp */ = {isa = PBXFileReference; explicitFileType = sourcecode.cpp.cpp; fileEncoding = 4; name = imgui.cpp; path = include/imgui/imgui.cpp; sourceTree = SOURCE_ROOT; };
		EB87318466D249E8B3C80F78 /* /Users/monter/Documents/primitive/CMakeLists.txt */ = {isa = PBXFileReference; explicitFileType = sourcecode.text; fileEncoding = 4; name = CMakeLists.txt; path = CMakeLists.txt; sourceTree = SOURCE_ROOT; };
		F05D7169B15848E88CF0C5FF /* /Users/monter/Documents/primitive/include/imgui/imgui_widgets.cpp */ = {isa = PBXFileReference; explicitFileType = sourcecode.cpp.cpp; fileEncoding = 4; name = imgui_widgets.cpp; path = include/imgui/imgui_widgets.cpp; sourceTree = SOURCE_ROOT; };
/* End PBXFileReference section */

/* Begin PBXFrameworksBuildPhase section */
		92667CB1AA6740C5829D7E6D /* Frameworks */ = {
			isa = PBXFrameworksBuildPhase;
			buildActionMask = 2147483647;
			files = (
			);
			runOnlyForDeploymentPostprocessing = 0;
		};
/* End PBXFrameworksBuildPhase section */

/* Begin PBXGroup section */
		2200F1C8B7024707AF05C250 /* Frameworks */ = {
			isa = PBXGroup;
			children = (
			);
			name = Frameworks;
			sourceTree = "<group>";
		};
		493FA879D8F749329C861BB6 = {
			isa = PBXGroup;
			children = (
				B2D116E1FE994362B71DCD79 /* primitive */,
				5FC03B6DF79746D59FD3BD60 /* ALL_BUILD */,
				FC832232DFD147F894E67025 /* Products */,
				2200F1C8B7024707AF05C250 /* Frameworks */,
			);
			sourceTree = "<group>";
		};
		4F839B712283458FABC9C402 /* Source Files */ = {
			isa = PBXGroup;
			children = (
				8955FCE8AAAE4441BBBA2047 /* /Users/monter/Documents/primitive/include/imgui/examples/imgui_impl_glfw.cpp */,
				1699F0D730484696ADBC4A86 /* /Users/monter/Documents/primitive/include/imgui/examples/imgui_impl_opengl3.cpp */,
				E997959435C9402A911A1068 /* /Users/monter/Documents/primitive/include/imgui/imgui.cpp */,
				9B8CB40FD87E4D8CAD33D594 /* /Users/monter/Documents/primitive/include/imgui/imgui_demo.cpp */,
				D49697A7A3C34B7E9A4551B2 /* /Users/monter/Documents/primitive/include/imgui/imgui_draw.cpp */,
				F05D7169B15848E88CF0C5FF /* /Users/monter/Documents/primitive/include/imgui/imgui_widgets.cpp */,
				28090753CC8D4097A9F9300A /* /Users/monter/Documents/primitive/src/Camera.cpp */,
				1D1CF47DB2C64F8791C38A08 /* /Users/monter/Documents/primitive/src/Collider.cpp */,
				0480525D4E074524A82DDCCA /* /Users/monter/Documents/primitive/src/Core.cpp */,
				D760EEF0F408408581B80DD4 /* /Users/monter/Documents/primitive/src/Game.cpp */,
				1237ADB86913424681214967 /* /Users/monter/Documents/primitive/src/Input.cpp */,
				3C031F9465B84034AE392494 /* /Users/monter/Documents/primitive/src/Mesh.cpp */,
				AEACC163E3D6473B83A0E018 /* /Users/monter/Documents/primitive/src/Model.cpp */,
				2FCCFA8DD5A84B4786274F39 /* /Users/monter/Documents/primitive/src/Shader.cpp */,
				3C20AE017CEC4140A8AEBB10 /* /Users/monter/Documents/primitive/src/Sound.cpp */,
				BB0E7B4EDD574B46BD8145CC /* /Users/monter/Documents/primitive/src/Texture.cpp */,
				42DA53DE1FBB483D8A38E470 /* /Users/monter/Documents/primitive/src/Window.cpp */,
				6EF491C92BD04F3BAD41EB40 /* /Users/monter/Documents/primitive/src/externalModel.cpp */,
				09A80EA0DF6B4727972FD98E /* /Users/monter/Documents/primitive/src/main.cpp */,
			);
			name = "Source Files";
			sourceTree = "<group>";
		};
		5951D3B24D89466CB2C6C1C6 /* CMake Rules */ = {
			isa = PBXGroup;
			children = (
			);
			name = "CMake Rules";
			sourceTree = "<group>";
		};
		5FC03B6DF79746D59FD3BD60 /* ALL_BUILD */ = {
			isa = PBXGroup;
			children = (
				5951D3B24D89466CB2C6C1C6 /* CMake Rules */,
				02E593CBDEE647339E006AEB /* /Users/monter/Documents/primitive/CMakeLists.txt */,
			);
			name = ALL_BUILD;
			sourceTree = "<group>";
		};
		B2D116E1FE994362B71DCD79 /* primitive */ = {
			isa = PBXGroup;
			children = (
				4F839B712283458FABC9C402 /* Source Files */,
				EB87318466D249E8B3C80F78 /* /Users/monter/Documents/primitive/CMakeLists.txt */,
			);
			name = primitive;
			sourceTree = "<group>";
		};
		FC832232DFD147F894E67025 /* Products */ = {
			isa = PBXGroup;
			children = (
				28FB91E5AE0D4F73AAE476BC /* primitive */,
			);
			name = Products;
			sourceTree = "<group>";
		};
/* End PBXGroup section */

/* Begin PBXNativeTarget section */
		F126D1E1578D43108A6625FA /* primitive */ = {
			isa = PBXNativeTarget;
			buildConfigurationList = 3CA6CB102AED45EDBE2028A5 /* Build configuration list for PBXNativeTarget "primitive" */;
			buildPhases = (
				2CADCB2F42A946998630F703 /* Sources */,
				92667CB1AA6740C5829D7E6D /* Frameworks */,
			);
			buildRules = (
			);
			dependencies = (
				71AB577FDB4E49408E8B3AA0 /* PBXTargetDependency */,
			);
			name = primitive;
			productName = primitive;
			productReference = 28FB91E5AE0D4F73AAE476BC /* primitive */;
			productType = "com.apple.product-type.tool";
		};
/* End PBXNativeTarget section */

/* Begin PBXProject section */
		37AB5B91CCD643699379D9AC /* Project object */ = {
			isa = PBXProject;
			attributes = {
				BuildIndependentTargetsInParallel = YES;
				LastUpgradeCheck = 1220;
			};
			buildConfigurationList = B6647465A89B4909A8EDACA6 /* Build configuration list for PBXProject "primitive" */;
			buildSettings = {
			};
			buildStyles = (
				6BD4A51853654D7A96F69A6A /* Debug */,
				6382DA8A53C04FC3A602E32C /* Release */,
				457F798DEBCF47C5978DCD35 /* MinSizeRel */,
				690552FF760A4C99A6B20B84 /* RelWithDebInfo */,
			);
			compatibilityVersion = "Xcode 3.2";
			hasScannedForEncodings = 0;
			mainGroup = 493FA879D8F749329C861BB6;
			projectDirPath = .;
			projectRoot = "";
			targets = (
				7B49686165CB467FA33CBA8A /* ALL_BUILD */,
				BC498E49E0834D87B9D9C049 /* ZERO_CHECK */,
				F126D1E1578D43108A6625FA /* primitive */,
			);
		};
/* End PBXProject section */

/* Begin PBXShellScriptBuildPhase section */
		0552CB6289BF473587BBE38C = {
			isa = PBXShellScriptBuildPhase;
			buildActionMask = 2147483647;
			files = (
			);
			inputPaths = (
			);
			outputPaths = (
			);
			runOnlyForDeploymentPostprocessing = 0;
			shellPath = /bin/sh;
			shellScript = "# shell script goes here
exit 0";
			showEnvVarsInLog = 0;
		};
		9C148DEE1B804AFA9330D6B4 /* Generate CMakeFiles/ALL_BUILD */ = {
			isa = PBXShellScriptBuildPhase;
			alwaysOutOfDate = 1;
			buildActionMask = 2147483647;
			files = (
			);
			inputPaths = (
			);
			name = "Generate CMakeFiles/ALL_BUILD";
			outputPaths = (
/Users/monter/Documents/primitive/CMakeFiles/ALL_BUILD			);
			runOnlyForDeploymentPostprocessing = 0;
			shellPath = /bin/sh;
			shellScript = "set -e
if test \"$CONFIGURATION\" = \"Debug\"; then :
  cd /Users/monter/Documents/primitive
  echo Build\\ all\\ projects
fi
if test \"$CONFIGURATION\" = \"Release\"; then :
  cd /Users/monter/Documents/primitive
  echo Build\\ all\\ projects
fi
if test \"$CONFIGURATION\" = \"MinSizeRel\"; then :
  cd /Users/monter/Documents/primitive
  echo Build\\ all\\ projects
fi
if test \"$CONFIGURATION\" = \"RelWithDebInfo\"; then :
  cd /Users/monter/Documents/primitive
  echo Build\\ all\\ projects
fi
";
			showEnvVarsInLog = 0;
		};
		B4A1721BEB17417089125496 /* Generate CMakeFiles/ZERO_CHECK */ = {
			isa = PBXShellScriptBuildPhase;
			alwaysOutOfDate = 1;
			buildActionMask = 2147483647;
			files = (
			);
			inputPaths = (
			);
			name = "Generate CMakeFiles/ZERO_CHECK";
			outputPaths = (
/Users/monter/Documents/primitive/CMakeFiles/ZERO_CHECK			);
			runOnlyForDeploymentPostprocessing = 0;
			shellPath = /bin/sh;
			shellScript = "set -e
if test \"$CONFIGURATION\" = \"Debug\"; then :
  cd /Users/monter/Documents/primitive
  make -f /Users/monter/Documents/primitive/CMakeScripts/ReRunCMake.make
fi
if test \"$CONFIGURATION\" = \"Release\"; then :
  cd /Users/monter/Documents/primitive
  make -f /Users/monter/Documents/primitive/CMakeScripts/ReRunCMake.make
fi
if test \"$CONFIGURATION\" = \"MinSizeRel\"; then :
  cd /Users/monter/Documents/primitive
  make -f /Users/monter/Documents/primitive/CMakeScripts/ReRunCMake.make
fi
if test \"$CONFIGURATION\" = \"RelWithDebInfo\"; then :
  cd /Users/monter/Documents/primitive
  make -f /Users/monter/Documents/primitive/CMakeScripts/ReRunCMake.make
fi
";
			showEnvVarsInLog = 0;
		};
		E41009B877404B32ADD9E235 = {
			isa = PBXShellScriptBuildPhase;
			buildActionMask = 2147483647;
			files = (
			);
			inputPaths = (
			);
			outputPaths = (
			);
			runOnlyForDeploymentPostprocessing = 0;
			shellPath = /bin/sh;
			shellScript = "# shell script goes here
exit 0";
			showEnvVarsInLog = 0;
		};
/* End PBXShellScriptBuildPhase section */

/* Begin PBXSourcesBuildPhase section */
		2CADCB2F42A946998630F703 /* Sources */ = {
			isa = PBXSourcesBuildPhase;
			buildActionMask = 2147483647;
			files = (
				52CAC9969A1C44C8ABA93721 /* /Users/monter/Documents/primitive/include/imgui/examples/imgui_impl_glfw.cpp */,
				E514F6FC294F4DCD9C9F1418 /* /Users/monter/Documents/primitive/include/imgui/examples/imgui_impl_opengl3.cpp */,
				5C7CD8A92EAE4663A21B4C41 /* /Users/monter/Documents/primitive/include/imgui/imgui.cpp */,
				6BC78648DA1649B49CC150BA /* /Users/monter/Documents/primitive/include/imgui/imgui_demo.cpp */,
				2ECEFB6DDAC9454FA8D667DA /* /Users/monter/Documents/primitive/include/imgui/imgui_draw.cpp */,
				5C43610260BD4D73B0A4A28D /* /Users/monter/Documents/primitive/include/imgui/imgui_widgets.cpp */,
				FED07B2C0E2949EE8686013B /* /Users/monter/Documents/primitive/src/Camera.cpp */,
				4196BA6EADB24A38B5E07528 /* /Users/monter/Documents/primitive/src/Collider.cpp */,
				FCB55CCEFDE0492EAA21FC76 /* /Users/monter/Documents/primitive/src/Core.cpp */,
				CB4A491FF3B14C44824DBDFE /* /Users/monter/Documents/primitive/src/Game.cpp */,
				992154E5A4224F6FB6B28482 /* /Users/monter/Documents/primitive/src/Input.cpp */,
				0887D05123734E9984A65AA9 /* /Users/monter/Documents/primitive/src/Mesh.cpp */,
				E2A985A5E03E426FB9D67059 /* /Users/monter/Documents/primitive/src/Model.cpp */,
				1681797FBA8444A991F69EBE /* /Users/monter/Documents/primitive/src/Shader.cpp */,
				C6848C871878418F996D7F87 /* /Users/monter/Documents/primitive/src/Sound.cpp */,
				D35B697C700743A9AA36BF8C /* /Users/monter/Documents/primitive/src/Texture.cpp */,
				76B22EBFCBAF4FA5B77D91A2 /* /Users/monter/Documents/primitive/src/Window.cpp */,
				8305D78F74B242E790F9E2A1 /* /Users/monter/Documents/primitive/src/externalModel.cpp */,
				D45D31844DCA4F50908DD4A8 /* /Users/monter/Documents/primitive/src/main.cpp */,
			);
			runOnlyForDeploymentPostprocessing = 0;
		};
/* End PBXSourcesBuildPhase section */

/* Begin PBXTargetDependency section */
		635DB683295B45F29665C1C8 /* PBXTargetDependency */ = {
			isa = PBXTargetDependency;
			target = BC498E49E0834D87B9D9C049 /* ZERO_CHECK */;
			targetProxy = D42234B22A0B464182AF590E /* PBXContainerItemProxy */;
		};
		71AB577FDB4E49408E8B3AA0 /* PBXTargetDependency */ = {
			isa = PBXTargetDependency;
			target = BC498E49E0834D87B9D9C049 /* ZERO_CHECK */;
			targetProxy = 22887887A8E44A59861DF00F /* PBXContainerItemProxy */;
		};
		737F4361759C44D688400E62 /* PBXTargetDependency */ = {
			isa = PBXTargetDependency;
			target = F126D1E1578D43108A6625FA /* primitive */;
			targetProxy = C7A9F8E753C84FB98EF5BE73 /* PBXContainerItemProxy */;
		};
/* End PBXTargetDependency section */

/* Begin XCBuildConfiguration section */
		1DA46CE0F773405E94080FCA /* MinSizeRel */ = {
			isa = XCBuildConfiguration;
			buildSettings = {
				COMBINE_HIDPI_IMAGES = YES;
				GCC_GENERATE_DEBUGGING_SYMBOLS = YES;
				GCC_INLINES_ARE_PRIVATE_EXTERN = NO;
				GCC_OPTIMIZATION_LEVEL = 0;
				GCC_PREPROCESSOR_DEFINITIONS = ("'CMAKE_INTDIR=\"$(CONFIGURATION)$(EFFECTIVE_PLATFORM_NAME)\"'");
				GCC_SYMBOLS_PRIVATE_EXTERN = NO;
				INSTALL_PATH = "";
				OTHER_LDFLAGS = ("");
				OTHER_REZFLAGS = "";
				PRODUCT_NAME = ALL_BUILD;
				SECTORDER_FLAGS = "";
				SYMROOT = /Users/monter/Documents/primitive;
				USE_HEADERMAP = NO;
				WARNING_CFLAGS = ("$(inherited)");
			};
			name = MinSizeRel;
		};
		22F8A3C2B77E45B681E99C08 /* MinSizeRel */ = {
			isa = XCBuildConfiguration;
			buildSettings = {
				ARCHS = "$(NATIVE_ARCH_ACTUAL)";
				ONLY_ACTIVE_ARCH = YES;
				SDKROOT = /Applications/Xcode.app/Contents/Developer/Platforms/MacOSX.platform/Developer/SDKs/MacOSX11.0.sdk;
				SYMROOT = /Users/monter/Documents/primitive/build;
			};
			name = MinSizeRel;
		};
		39C82A825C8E48E5B767BD3A /* MinSizeRel */ = {
			isa = XCBuildConfiguration;
			buildSettings = {
				COMBINE_HIDPI_IMAGES = YES;
				EXECUTABLE_PREFIX = "";
				EXECUTABLE_SUFFIX = "";
				FRAMEWORK_SEARCH_PATHS = ("$(inherited)");
				GCC_GENERATE_DEBUGGING_SYMBOLS = NO;
				GCC_INLINES_ARE_PRIVATE_EXTERN = NO;
				GCC_OPTIMIZATION_LEVEL = s;
				GCC_PREPROCESSOR_DEFINITIONS = ("'CMAKE_INTDIR=\"$(CONFIGURATION)$(EFFECTIVE_PLATFORM_NAME)\"'");
				GCC_SYMBOLS_PRIVATE_EXTERN = NO;
				HEADER_SEARCH_PATHS = (/Users/monter/Documents/primitive/include/APPLE,/Users/monter/Documents/primitive/include/APPLE/GL,/Users/monter/Documents/primitive/include/APPLE/GLFW,/Users/monter/Documents/primitive/include,/Users/monter/Documents/primitive/include/glm,/Users/monter/Documents/primitive/include/imgui);
				INSTALL_PATH = "";
				LD_RUNPATH_SEARCH_PATHS = /Users/monter/Documents/primitive/lib/APPLE;
				LIBRARY_SEARCH_PATHS = ("/Users/monter/Documents/primitive/lib/APPLE/$(CONFIGURATION)$(EFFECTIVE_PLATFORM_NAME)",/Users/monter/Documents/primitive/lib/APPLE,"$(inherited)");
				OTHER_CPLUSPLUSFLAGS = "    -DNDEBUG '-std=gnu++2a' ";
				OTHER_LDFLAGS = (" -Wl,-search_paths_first -Wl,-headerpad_max_install_names","-framework OpenGL","-framework AppKit","-lnfd","-lassimp.5.0.1","-lglfw","-lGLEW.2.2.0","-lfmod");
				OTHER_REZFLAGS = "";
				PRODUCT_NAME = primitive;
				SECTORDER_FLAGS = "";
				SYMROOT = /Users/monter/Documents/primitive;
				USE_HEADERMAP = NO;
				WARNING_CFLAGS = ("$(inherited)");
			};
			name = MinSizeRel;
		};
		57B5340422454BA8AEA98A92 /* RelWithDebInfo */ = {
			isa = XCBuildConfiguration;
			buildSettings = {
				COMBINE_HIDPI_IMAGES = YES;
				GCC_GENERATE_DEBUGGING_SYMBOLS = YES;
				GCC_INLINES_ARE_PRIVATE_EXTERN = NO;
				GCC_OPTIMIZATION_LEVEL = 0;
				GCC_PREPROCESSOR_DEFINITIONS = ("'CMAKE_INTDIR=\"$(CONFIGURATION)$(EFFECTIVE_PLATFORM_NAME)\"'");
				GCC_SYMBOLS_PRIVATE_EXTERN = NO;
				INSTALL_PATH = "";
				OTHER_LDFLAGS = ("");
				OTHER_REZFLAGS = "";
				PRODUCT_NAME = ZERO_CHECK;
				SECTORDER_FLAGS = "";
				SYMROOT = /Users/monter/Documents/primitive;
				USE_HEADERMAP = NO;
				WARNING_CFLAGS = ("$(inherited)");
			};
			name = RelWithDebInfo;
		};
		639B085E77C948E794C188A1 /* Release */ = {
			isa = XCBuildConfiguration;
			buildSettings = {
				COMBINE_HIDPI_IMAGES = YES;
				GCC_GENERATE_DEBUGGING_SYMBOLS = YES;
				GCC_INLINES_ARE_PRIVATE_EXTERN = NO;
				GCC_OPTIMIZATION_LEVEL = 0;
				GCC_PREPROCESSOR_DEFINITIONS = ("'CMAKE_INTDIR=\"$(CONFIGURATION)$(EFFECTIVE_PLATFORM_NAME)\"'");
				GCC_SYMBOLS_PRIVATE_EXTERN = NO;
				INSTALL_PATH = "";
				OTHER_LDFLAGS = ("");
				OTHER_REZFLAGS = "";
				PRODUCT_NAME = ALL_BUILD;
				SECTORDER_FLAGS = "";
				SYMROOT = /Users/monter/Documents/primitive;
				USE_HEADERMAP = NO;
				WARNING_CFLAGS = ("$(inherited)");
			};
			name = Release;
		};
		83E135FBDA6C4869BE49F0BD /* Debug */ = {
			isa = XCBuildConfiguration;
			buildSettings = {
				COMBINE_HIDPI_IMAGES = YES;
				GCC_GENERATE_DEBUGGING_SYMBOLS = YES;
				GCC_INLINES_ARE_PRIVATE_EXTERN = NO;
				GCC_OPTIMIZATION_LEVEL = 0;
				GCC_PREPROCESSOR_DEFINITIONS = ("'CMAKE_INTDIR=\"$(CONFIGURATION)$(EFFECTIVE_PLATFORM_NAME)\"'");
				GCC_SYMBOLS_PRIVATE_EXTERN = NO;
				INSTALL_PATH = "";
				OTHER_LDFLAGS = ("");
				OTHER_REZFLAGS = "";
				PRODUCT_NAME = ZERO_CHECK;
				SECTORDER_FLAGS = "";
				SYMROOT = /Users/monter/Documents/primitive;
				USE_HEADERMAP = NO;
				WARNING_CFLAGS = ("$(inherited)");
			};
			name = Debug;
		};
		939D65CEBB7440FFB9D5D8FA /* RelWithDebInfo */ = {
			isa = XCBuildConfiguration;
			buildSettings = {
				COMBINE_HIDPI_IMAGES = YES;
				GCC_GENERATE_DEBUGGING_SYMBOLS = YES;
				GCC_INLINES_ARE_PRIVATE_EXTERN = NO;
				GCC_OPTIMIZATION_LEVEL = 0;
				GCC_PREPROCESSOR_DEFINITIONS = ("'CMAKE_INTDIR=\"$(CONFIGURATION)$(EFFECTIVE_PLATFORM_NAME)\"'");
				GCC_SYMBOLS_PRIVATE_EXTERN = NO;
				INSTALL_PATH = "";
				OTHER_LDFLAGS = ("");
				OTHER_REZFLAGS = "";
				PRODUCT_NAME = ALL_BUILD;
				SECTORDER_FLAGS = "";
				SYMROOT = /Users/monter/Documents/primitive;
				USE_HEADERMAP = NO;
				WARNING_CFLAGS = ("$(inherited)");
			};
			name = RelWithDebInfo;
		};
		9B0C2EA1F49E42799F8A90DC /* Debug */ = {
			isa = XCBuildConfiguration;
			buildSettings = {
				COMBINE_HIDPI_IMAGES = YES;
				GCC_GENERATE_DEBUGGING_SYMBOLS = YES;
				GCC_INLINES_ARE_PRIVATE_EXTERN = NO;
				GCC_OPTIMIZATION_LEVEL = 0;
				GCC_PREPROCESSOR_DEFINITIONS = ("'CMAKE_INTDIR=\"$(CONFIGURATION)$(EFFECTIVE_PLATFORM_NAME)\"'");
				GCC_SYMBOLS_PRIVATE_EXTERN = NO;
				INSTALL_PATH = "";
				OTHER_LDFLAGS = ("");
				OTHER_REZFLAGS = "";
				PRODUCT_NAME = ALL_BUILD;
				SECTORDER_FLAGS = "";
				SYMROOT = /Users/monter/Documents/primitive;
				USE_HEADERMAP = NO;
				WARNING_CFLAGS = ("$(inherited)");
			};
			name = Debug;
		};
		AA1DBBFB82E840D798150497 /* Debug */ = {
			isa = XCBuildConfiguration;
			buildSettings = {
				ARCHS = "$(NATIVE_ARCH_ACTUAL)";
				ONLY_ACTIVE_ARCH = YES;
				SDKROOT = /Applications/Xcode.app/Contents/Developer/Platforms/MacOSX.platform/Developer/SDKs/MacOSX11.0.sdk;
				SYMROOT = /Users/monter/Documents/primitive/build;
			};
			name = Debug;
		};
		AC0B4D27236348B988D52892 /* RelWithDebInfo */ = {
			isa = XCBuildConfiguration;
			buildSettings = {
				ARCHS = "$(NATIVE_ARCH_ACTUAL)";
				ONLY_ACTIVE_ARCH = YES;
				SDKROOT = /Applications/Xcode.app/Contents/Developer/Platforms/MacOSX.platform/Developer/SDKs/MacOSX11.0.sdk;
				SYMROOT = /Users/monter/Documents/primitive/build;
			};
			name = RelWithDebInfo;
		};
		B825FAD75BD84FC7BC0DA8E1 /* Release */ = {
			isa = XCBuildConfiguration;
			buildSettings = {
				ARCHS = "$(NATIVE_ARCH_ACTUAL)";
				ONLY_ACTIVE_ARCH = YES;
				SDKROOT = /Applications/Xcode.app/Contents/Developer/Platforms/MacOSX.platform/Developer/SDKs/MacOSX11.0.sdk;
				SYMROOT = /Users/monter/Documents/primitive/build;
			};
			name = Release;
		};
		C037BBBDB4B344B7B95B4452 /* Debug */ = {
			isa = XCBuildConfiguration;
			buildSettings = {
				COMBINE_HIDPI_IMAGES = YES;
				EXECUTABLE_PREFIX = "";
				EXECUTABLE_SUFFIX = "";
				FRAMEWORK_SEARCH_PATHS = ("$(inherited)");
				GCC_GENERATE_DEBUGGING_SYMBOLS = YES;
				GCC_INLINES_ARE_PRIVATE_EXTERN = NO;
				GCC_OPTIMIZATION_LEVEL = 0;
				GCC_PREPROCESSOR_DEFINITIONS = ("'CMAKE_INTDIR=\"$(CONFIGURATION)$(EFFECTIVE_PLATFORM_NAME)\"'");
				GCC_SYMBOLS_PRIVATE_EXTERN = NO;
				HEADER_SEARCH_PATHS = (/Users/monter/Documents/primitive/include/APPLE,/Users/monter/Documents/primitive/include/APPLE/GL,/Users/monter/Documents/primitive/include/APPLE/GLFW,/Users/monter/Documents/primitive/include,/Users/monter/Documents/primitive/include/glm,/Users/monter/Documents/primitive/include/imgui);
				INSTALL_PATH = "";
				LD_RUNPATH_SEARCH_PATHS = /Users/monter/Documents/primitive/lib/APPLE;
				LIBRARY_SEARCH_PATHS = ("/Users/monter/Documents/primitive/lib/APPLE/$(CONFIGURATION)$(EFFECTIVE_PLATFORM_NAME)",/Users/monter/Documents/primitive/lib/APPLE,"$(inherited)");
				OTHER_CPLUSPLUSFLAGS = "   '-std=gnu++2a' ";
				OTHER_LDFLAGS = (" -Wl,-search_paths_first -Wl,-headerpad_max_install_names","-framework OpenGL","-framework AppKit","-lnfd","-lassimp.5.0.1","-lglfw","-lGLEW.2.2.0","-lfmod");
				OTHER_REZFLAGS = "";
				PRODUCT_NAME = primitive;
				SECTORDER_FLAGS = "";
				SYMROOT = /Users/monter/Documents/primitive;
				USE_HEADERMAP = NO;
				WARNING_CFLAGS = ("$(inherited)");
			};
			name = Debug;
		};
		CC8E8FA06D244AA595C338FF /* Release */ = {
			isa = XCBuildConfiguration;
			buildSettings = {
				COMBINE_HIDPI_IMAGES = YES;
				GCC_GENERATE_DEBUGGING_SYMBOLS = YES;
				GCC_INLINES_ARE_PRIVATE_EXTERN = NO;
				GCC_OPTIMIZATION_LEVEL = 0;
				GCC_PREPROCESSOR_DEFINITIONS = ("'CMAKE_INTDIR=\"$(CONFIGURATION)$(EFFECTIVE_PLATFORM_NAME)\"'");
				GCC_SYMBOLS_PRIVATE_EXTERN = NO;
				INSTALL_PATH = "";
				OTHER_LDFLAGS = ("");
				OTHER_REZFLAGS = "";
				PRODUCT_NAME = ZERO_CHECK;
				SECTORDER_FLAGS = "";
				SYMROOT = /Users/monter/Documents/primitive;
				USE_HEADERMAP = NO;
				WARNING_CFLAGS = ("$(inherited)");
			};
			name = Release;
		};
		D4E573BAC22B48FB9835BCBD /* MinSizeRel */ = {
			isa = XCBuildConfiguration;
			buildSettings = {
				COMBINE_HIDPI_IMAGES = YES;
				GCC_GENERATE_DEBUGGING_SYMBOLS = YES;
				GCC_INLINES_ARE_PRIVATE_EXTERN = NO;
				GCC_OPTIMIZATION_LEVEL = 0;
				GCC_PREPROCESSOR_DEFINITIONS = ("'CMAKE_INTDIR=\"$(CONFIGURATION)$(EFFECTIVE_PLATFORM_NAME)\"'");
				GCC_SYMBOLS_PRIVATE_EXTERN = NO;
				INSTALL_PATH = "";
				OTHER_LDFLAGS = ("");
				OTHER_REZFLAGS = "";
				PRODUCT_NAME = ZERO_CHECK;
				SECTORDER_FLAGS = "";
				SYMROOT = /Users/monter/Documents/primitive;
				USE_HEADERMAP = NO;
				WARNING_CFLAGS = ("$(inherited)");
			};
			name = MinSizeRel;
		};
		F845A0B0F36C4416AEC26708 /* Release */ = {
			isa = XCBuildConfiguration;
			buildSettings = {
				COMBINE_HIDPI_IMAGES = YES;
				EXECUTABLE_PREFIX = "";
				EXECUTABLE_SUFFIX = "";
				FRAMEWORK_SEARCH_PATHS = ("$(inherited)");
				GCC_GENERATE_DEBUGGING_SYMBOLS = NO;
				GCC_INLINES_ARE_PRIVATE_EXTERN = NO;
				GCC_OPTIMIZATION_LEVEL = 3;
				GCC_PREPROCESSOR_DEFINITIONS = ("'CMAKE_INTDIR=\"$(CONFIGURATION)$(EFFECTIVE_PLATFORM_NAME)\"'");
				GCC_SYMBOLS_PRIVATE_EXTERN = NO;
				HEADER_SEARCH_PATHS = (/Users/monter/Documents/primitive/include/APPLE,/Users/monter/Documents/primitive/include/APPLE/GL,/Users/monter/Documents/primitive/include/APPLE/GLFW,/Users/monter/Documents/primitive/include,/Users/monter/Documents/primitive/include/glm,/Users/monter/Documents/primitive/include/imgui);
				INSTALL_PATH = "";
				LD_RUNPATH_SEARCH_PATHS = /Users/monter/Documents/primitive/lib/APPLE;
				LIBRARY_SEARCH_PATHS = ("/Users/monter/Documents/primitive/lib/APPLE/$(CONFIGURATION)$(EFFECTIVE_PLATFORM_NAME)",/Users/monter/Documents/primitive/lib/APPLE,"$(inherited)");
				OTHER_CPLUSPLUSFLAGS = "    -DNDEBUG '-std=gnu++2a' ";
				OTHER_LDFLAGS = (" -Wl,-search_paths_first -Wl,-headerpad_max_install_names","-framework OpenGL","-framework AppKit","-lnfd","-lassimp.5.0.1","-lglfw","-lGLEW.2.2.0","-lfmod");
				OTHER_REZFLAGS = "";
				PRODUCT_NAME = primitive;
				SECTORDER_FLAGS = "";
				SYMROOT = /Users/monter/Documents/primitive;
				USE_HEADERMAP = NO;
				WARNING_CFLAGS = ("$(inherited)");
			};
			name = Release;
		};
		FF24602801014C62866CEC82 /* RelWithDebInfo */ = {
			isa = XCBuildConfiguration;
			buildSettings = {
				COMBINE_HIDPI_IMAGES = YES;
				EXECUTABLE_PREFIX = "";
				EXECUTABLE_SUFFIX = "";
				FRAMEWORK_SEARCH_PATHS = ("$(inherited)");
				GCC_GENERATE_DEBUGGING_SYMBOLS = YES;
				GCC_INLINES_ARE_PRIVATE_EXTERN = NO;
				GCC_OPTIMIZATION_LEVEL = 2;
				GCC_PREPROCESSOR_DEFINITIONS = ("'CMAKE_INTDIR=\"$(CONFIGURATION)$(EFFECTIVE_PLATFORM_NAME)\"'");
				GCC_SYMBOLS_PRIVATE_EXTERN = NO;
				HEADER_SEARCH_PATHS = (/Users/monter/Documents/primitive/include/APPLE,/Users/monter/Documents/primitive/include/APPLE/GL,/Users/monter/Documents/primitive/include/APPLE/GLFW,/Users/monter/Documents/primitive/include,/Users/monter/Documents/primitive/include/glm,/Users/monter/Documents/primitive/include/imgui);
				INSTALL_PATH = "";
				LD_RUNPATH_SEARCH_PATHS = /Users/monter/Documents/primitive/lib/APPLE;
				LIBRARY_SEARCH_PATHS = ("/Users/monter/Documents/primitive/lib/APPLE/$(CONFIGURATION)$(EFFECTIVE_PLATFORM_NAME)",/Users/monter/Documents/primitive/lib/APPLE,"$(inherited)");
				OTHER_CPLUSPLUSFLAGS = "       -DNDEBUG '-std=gnu++2a' ";
				OTHER_LDFLAGS = (" -Wl,-search_paths_first -Wl,-headerpad_max_install_names","-framework OpenGL","-framework AppKit","-lnfd","-lassimp.5.0.1","-lglfw","-lGLEW.2.2.0","-lfmod");
				OTHER_REZFLAGS = "";
				PRODUCT_NAME = primitive;
				SECTORDER_FLAGS = "";
				SYMROOT = /Users/monter/Documents/primitive;
				USE_HEADERMAP = NO;
				WARNING_CFLAGS = ("$(inherited)");
			};
			name = RelWithDebInfo;
		};
/* End XCBuildConfiguration section */

/* Begin XCConfigurationList section */
		12298314AC844AADA4945456 /* Build configuration list for PBXAggregateTarget "ZERO_CHECK" */ = {
			isa = XCConfigurationList;
			buildConfigurations = (
				83E135FBDA6C4869BE49F0BD /* Debug */,
				CC8E8FA06D244AA595C338FF /* Release */,
				D4E573BAC22B48FB9835BCBD /* MinSizeRel */,
				57B5340422454BA8AEA98A92 /* RelWithDebInfo */,
			);
			defaultConfigurationIsVisible = 0;
			defaultConfigurationName = Debug;
		};
		3CA6CB102AED45EDBE2028A5 /* Build configuration list for PBXNativeTarget "primitive" */ = {
			isa = XCConfigurationList;
			buildConfigurations = (
				C037BBBDB4B344B7B95B4452 /* Debug */,
				F845A0B0F36C4416AEC26708 /* Release */,
				39C82A825C8E48E5B767BD3A /* MinSizeRel */,
				FF24602801014C62866CEC82 /* RelWithDebInfo */,
			);
			defaultConfigurationIsVisible = 0;
			defaultConfigurationName = Debug;
		};
		B6647465A89B4909A8EDACA6 /* Build configuration list for PBXProject "primitive" */ = {
			isa = XCConfigurationList;
			buildConfigurations = (
				AA1DBBFB82E840D798150497 /* Debug */,
				B825FAD75BD84FC7BC0DA8E1 /* Release */,
				22F8A3C2B77E45B681E99C08 /* MinSizeRel */,
				AC0B4D27236348B988D52892 /* RelWithDebInfo */,
			);
			defaultConfigurationIsVisible = 0;
			defaultConfigurationName = Debug;
		};
		D520FBC05B77419AB534B6E4 /* Build configuration list for PBXAggregateTarget "ALL_BUILD" */ = {
			isa = XCConfigurationList;
			buildConfigurations = (
				9B0C2EA1F49E42799F8A90DC /* Debug */,
				639B085E77C948E794C188A1 /* Release */,
				1DA46CE0F773405E94080FCA /* MinSizeRel */,
				939D65CEBB7440FFB9D5D8FA /* RelWithDebInfo */,
			);
			defaultConfigurationIsVisible = 0;
			defaultConfigurationName = Debug;
		};
/* End XCConfigurationList section */
	};
	rootObject = 37AB5B91CCD643699379D9AC /* Project object */;
}
