<?xml version="1.0" encoding="UTF-8"?>
<CodeBlocks_project_file>
	<FileVersion major="1" minor="6"/>
	<Project>
		<Option title="primitive"/>
		<Option makefile_is_custom="1"/>
		<Option compiler="gcc"/>
		<Option virtualFolders="CMake Files\;"/>
		<Build>
			<Target title="all">
				<Option working_dir="/home/monter/Documents/primitive"/>
				<Option type="4"/>
				<MakeCommands>
					<Build command="/usr/bin/make -j8 -f &quot;/home/monter/Documents/primitive/Makefile&quot;  VERBOSE=1 all"/>
					<CompileFile command="/usr/bin/make -j8 -f &quot;/home/monter/Documents/primitive/Makefile&quot;  VERBOSE=1 &quot;$file&quot;"/>
					<Clean command="/usr/bin/make -j8 -f &quot;/home/monter/Documents/primitive/Makefile&quot;  VERBOSE=1 clean"/>
					<DistClean command="/usr/bin/make -j8 -f &quot;/home/monter/Documents/primitive/Makefile&quot;  VERBOSE=1 clean"/>
				</MakeCommands>
			</Target>
			<Target title="rebuild_cache">
				<Option working_dir="/home/monter/Documents/primitive"/>
				<Option type="4"/>
				<MakeCommands>
					<Build command="/usr/bin/make -j8 -f &quot;/home/monter/Documents/primitive/Makefile&quot;  VERBOSE=1 rebuild_cache"/>
					<CompileFile command="/usr/bin/make -j8 -f &quot;/home/monter/Documents/primitive/Makefile&quot;  VERBOSE=1 &quot;$file&quot;"/>
					<Clean command="/usr/bin/make -j8 -f &quot;/home/monter/Documents/primitive/Makefile&quot;  VERBOSE=1 clean"/>
					<DistClean command="/usr/bin/make -j8 -f &quot;/home/monter/Documents/primitive/Makefile&quot;  VERBOSE=1 clean"/>
				</MakeCommands>
			</Target>
			<Target title="edit_cache">
				<Option working_dir="/home/monter/Documents/primitive"/>
				<Option type="4"/>
				<MakeCommands>
					<Build command="/usr/bin/make -j8 -f &quot;/home/monter/Documents/primitive/Makefile&quot;  VERBOSE=1 edit_cache"/>
					<CompileFile command="/usr/bin/make -j8 -f &quot;/home/monter/Documents/primitive/Makefile&quot;  VERBOSE=1 &quot;$file&quot;"/>
					<Clean command="/usr/bin/make -j8 -f &quot;/home/monter/Documents/primitive/Makefile&quot;  VERBOSE=1 clean"/>
					<DistClean command="/usr/bin/make -j8 -f &quot;/home/monter/Documents/primitive/Makefile&quot;  VERBOSE=1 clean"/>
				</MakeCommands>
			</Target>
			<Target title="primitive">
				<Option output="/home/monter/Documents/primitive/primitive" prefix_auto="0" extension_auto="0"/>
				<Option working_dir="/home/monter/Documents/primitive"/>
				<Option object_output="./"/>
				<Option type="1"/>
				<Option compiler="gcc"/>
				<Compiler>
					<Add directory="/home/monter/Documents/primitive/include/LINUX"/>
					<Add directory="/home/monter/Documents/primitive/include"/>
					<Add directory="/home/monter/Documents/primitive/include/glm"/>
					<Add directory="/home/monter/Documents/primitive/include/imgui"/>
					<Add directory="/usr/include/gtk-3.0"/>
					<Add directory="/usr/include/at-spi2-atk/2.0"/>
					<Add directory="/usr/include/at-spi-2.0"/>
					<Add directory="/usr/include/dbus-1.0"/>
					<Add directory="/usr/lib/x86_64-linux-gnu/dbus-1.0/include"/>
					<Add directory="/usr/include/gio-unix-2.0"/>
					<Add directory="/usr/include/cairo"/>
					<Add directory="/usr/include/pango-1.0"/>
					<Add directory="/usr/include/fribidi"/>
					<Add directory="/usr/include/harfbuzz"/>
					<Add directory="/usr/include/atk-1.0"/>
					<Add directory="/usr/include/pixman-1"/>
					<Add directory="/usr/include/uuid"/>
					<Add directory="/usr/include/freetype2"/>
					<Add directory="/usr/include/libpng16"/>
					<Add directory="/usr/include/gdk-pixbuf-2.0"/>
					<Add directory="/usr/include/libmount"/>
					<Add directory="/usr/include/blkid"/>
					<Add directory="/usr/include/glib-2.0"/>
					<Add directory="/usr/lib/x86_64-linux-gnu/glib-2.0/include"/>
					<Add directory="/usr/include/c++/9"/>
					<Add directory="/usr/include/x86_64-linux-gnu/c++/9"/>
					<Add directory="/usr/include/c++/9/backward"/>
					<Add directory="/usr/lib/gcc/x86_64-linux-gnu/9/include"/>
					<Add directory="/usr/local/include"/>
					<Add directory="/usr/include/x86_64-linux-gnu"/>
					<Add directory="/usr/include"/>
				</Compiler>
				<MakeCommands>
					<Build command="/usr/bin/make -j8 -f &quot;/home/monter/Documents/primitive/Makefile&quot;  VERBOSE=1 primitive"/>
					<CompileFile command="/usr/bin/make -j8 -f &quot;/home/monter/Documents/primitive/Makefile&quot;  VERBOSE=1 &quot;$file&quot;"/>
					<Clean command="/usr/bin/make -j8 -f &quot;/home/monter/Documents/primitive/Makefile&quot;  VERBOSE=1 clean"/>
					<DistClean command="/usr/bin/make -j8 -f &quot;/home/monter/Documents/primitive/Makefile&quot;  VERBOSE=1 clean"/>
				</MakeCommands>
			</Target>
			<Target title="primitive/fast">
				<Option output="/home/monter/Documents/primitive/primitive" prefix_auto="0" extension_auto="0"/>
				<Option working_dir="/home/monter/Documents/primitive"/>
				<Option object_output="./"/>
				<Option type="1"/>
				<Option compiler="gcc"/>
				<Compiler>
					<Add directory="/home/monter/Documents/primitive/include/LINUX"/>
					<Add directory="/home/monter/Documents/primitive/include"/>
					<Add directory="/home/monter/Documents/primitive/include/glm"/>
					<Add directory="/home/monter/Documents/primitive/include/imgui"/>
					<Add directory="/usr/include/gtk-3.0"/>
					<Add directory="/usr/include/at-spi2-atk/2.0"/>
					<Add directory="/usr/include/at-spi-2.0"/>
					<Add directory="/usr/include/dbus-1.0"/>
					<Add directory="/usr/lib/x86_64-linux-gnu/dbus-1.0/include"/>
					<Add directory="/usr/include/gio-unix-2.0"/>
					<Add directory="/usr/include/cairo"/>
					<Add directory="/usr/include/pango-1.0"/>
					<Add directory="/usr/include/fribidi"/>
					<Add directory="/usr/include/harfbuzz"/>
					<Add directory="/usr/include/atk-1.0"/>
					<Add directory="/usr/include/pixman-1"/>
					<Add directory="/usr/include/uuid"/>
					<Add directory="/usr/include/freetype2"/>
					<Add directory="/usr/include/libpng16"/>
					<Add directory="/usr/include/gdk-pixbuf-2.0"/>
					<Add directory="/usr/include/libmount"/>
					<Add directory="/usr/include/blkid"/>
					<Add directory="/usr/include/glib-2.0"/>
					<Add directory="/usr/lib/x86_64-linux-gnu/glib-2.0/include"/>
					<Add directory="/usr/include/c++/9"/>
					<Add directory="/usr/include/x86_64-linux-gnu/c++/9"/>
					<Add directory="/usr/include/c++/9/backward"/>
					<Add directory="/usr/lib/gcc/x86_64-linux-gnu/9/include"/>
					<Add directory="/usr/local/include"/>
					<Add directory="/usr/include/x86_64-linux-gnu"/>
					<Add directory="/usr/include"/>
				</Compiler>
				<MakeCommands>
					<Build command="/usr/bin/make -j8 -f &quot;/home/monter/Documents/primitive/Makefile&quot;  VERBOSE=1 primitive/fast"/>
					<CompileFile command="/usr/bin/make -j8 -f &quot;/home/monter/Documents/primitive/Makefile&quot;  VERBOSE=1 &quot;$file&quot;"/>
					<Clean command="/usr/bin/make -j8 -f &quot;/home/monter/Documents/primitive/Makefile&quot;  VERBOSE=1 clean"/>
					<DistClean command="/usr/bin/make -j8 -f &quot;/home/monter/Documents/primitive/Makefile&quot;  VERBOSE=1 clean"/>
				</MakeCommands>
			</Target>
		</Build>
		<Unit filename="/home/monter/Documents/primitive/include/imgui/examples/imgui_impl_glfw.cpp">
			<Option target="primitive"/>
		</Unit>
		<Unit filename="/home/monter/Documents/primitive/include/imgui/examples/imgui_impl_glfw.h">
			<Option target="primitive"/>
		</Unit>
		<Unit filename="/home/monter/Documents/primitive/include/imgui/examples/imgui_impl_opengl3.cpp">
			<Option target="primitive"/>
		</Unit>
		<Unit filename="/home/monter/Documents/primitive/include/imgui/examples/imgui_impl_opengl3.h">
			<Option target="primitive"/>
		</Unit>
		<Unit filename="/home/monter/Documents/primitive/include/imgui/imgui.cpp">
			<Option target="primitive"/>
		</Unit>
		<Unit filename="/home/monter/Documents/primitive/include/imgui/imgui.h">
			<Option target="primitive"/>
		</Unit>
		<Unit filename="/home/monter/Documents/primitive/include/imgui/imgui_demo.cpp">
			<Option target="primitive"/>
		</Unit>
		<Unit filename="/home/monter/Documents/primitive/include/imgui/imgui_draw.cpp">
			<Option target="primitive"/>
		</Unit>
		<Unit filename="/home/monter/Documents/primitive/include/imgui/imgui_widgets.cpp">
			<Option target="primitive"/>
		</Unit>
		<Unit filename="/home/monter/Documents/primitive/src/Camera.cpp">
			<Option target="primitive"/>
		</Unit>
		<Unit filename="/home/monter/Documents/primitive/src/Collider.cpp">
			<Option target="primitive"/>
		</Unit>
		<Unit filename="/home/monter/Documents/primitive/src/Core.cpp">
			<Option target="primitive"/>
		</Unit>
		<Unit filename="/home/monter/Documents/primitive/src/Game.cpp">
			<Option target="primitive"/>
		</Unit>
		<Unit filename="/home/monter/Documents/primitive/src/Input.cpp">
			<Option target="primitive"/>
		</Unit>
		<Unit filename="/home/monter/Documents/primitive/src/Mesh.cpp">
			<Option target="primitive"/>
		</Unit>
		<Unit filename="/home/monter/Documents/primitive/src/Model.cpp">
			<Option target="primitive"/>
		</Unit>
		<Unit filename="/home/monter/Documents/primitive/src/Shader.cpp">
			<Option target="primitive"/>
		</Unit>
		<Unit filename="/home/monter/Documents/primitive/src/Sound.cpp">
			<Option target="primitive"/>
		</Unit>
		<Unit filename="/home/monter/Documents/primitive/src/Texture.cpp">
			<Option target="primitive"/>
		</Unit>
		<Unit filename="/home/monter/Documents/primitive/src/Window.cpp">
			<Option target="primitive"/>
		</Unit>
		<Unit filename="/home/monter/Documents/primitive/src/externalModel.cpp">
			<Option target="primitive"/>
		</Unit>
		<Unit filename="/home/monter/Documents/primitive/src/main.cpp">
			<Option target="primitive"/>
		</Unit>
		<Unit filename="/home/monter/Documents/primitive/CMakeLists.txt">
			<Option virtualFolder="CMake Files\"/>
		</Unit>
	</Project>
</CodeBlocks_project_file>
