<?xml version="1.0" encoding="UTF-8"?>
<CodeBlocks_project_file>
	<FileVersion major="1" minor="6"/>
	<Project>
		<Option title="primitive"/>
		<Option makefile_is_custom="1"/>
		<Option compiler="gcc"/>
		<Option virtualFolders="CMake Files\;"/>
		<Build>
			<Target title="all">
				<Option working_dir="/Users/monter/Documents/primitive"/>
				<Option type="4"/>
				<MakeCommands>
					<Build command="/usr/bin/make -j12 -f &quot;/Users/monter/Documents/primitive/Makefile&quot;  VERBOSE=1 all"/>
					<CompileFile command="/usr/bin/make -j12 -f &quot;/Users/monter/Documents/primitive/Makefile&quot;  VERBOSE=1 &quot;$file&quot;"/>
					<Clean command="/usr/bin/make -j12 -f &quot;/Users/monter/Documents/primitive/Makefile&quot;  VERBOSE=1 clean"/>
					<DistClean command="/usr/bin/make -j12 -f &quot;/Users/monter/Documents/primitive/Makefile&quot;  VERBOSE=1 clean"/>
				</MakeCommands>
			</Target>
			<Target title="rebuild_cache">
				<Option working_dir="/Users/monter/Documents/primitive"/>
				<Option type="4"/>
				<MakeCommands>
					<Build command="/usr/bin/make -j12 -f &quot;/Users/monter/Documents/primitive/Makefile&quot;  VERBOSE=1 rebuild_cache"/>
					<CompileFile command="/usr/bin/make -j12 -f &quot;/Users/monter/Documents/primitive/Makefile&quot;  VERBOSE=1 &quot;$file&quot;"/>
					<Clean command="/usr/bin/make -j12 -f &quot;/Users/monter/Documents/primitive/Makefile&quot;  VERBOSE=1 clean"/>
					<DistClean command="/usr/bin/make -j12 -f &quot;/Users/monter/Documents/primitive/Makefile&quot;  VERBOSE=1 clean"/>
				</MakeCommands>
			</Target>
			<Target title="edit_cache">
				<Option working_dir="/Users/monter/Documents/primitive"/>
				<Option type="4"/>
				<MakeCommands>
					<Build command="/usr/bin/make -j12 -f &quot;/Users/monter/Documents/primitive/Makefile&quot;  VERBOSE=1 edit_cache"/>
					<CompileFile command="/usr/bin/make -j12 -f &quot;/Users/monter/Documents/primitive/Makefile&quot;  VERBOSE=1 &quot;$file&quot;"/>
					<Clean command="/usr/bin/make -j12 -f &quot;/Users/monter/Documents/primitive/Makefile&quot;  VERBOSE=1 clean"/>
					<DistClean command="/usr/bin/make -j12 -f &quot;/Users/monter/Documents/primitive/Makefile&quot;  VERBOSE=1 clean"/>
				</MakeCommands>
			</Target>
			<Target title="primitive">
				<Option output="/Users/monter/Documents/primitive/primitive" prefix_auto="0" extension_auto="0"/>
				<Option working_dir="/Users/monter/Documents/primitive"/>
				<Option object_output="./"/>
				<Option type="1"/>
				<Option compiler="gcc"/>
				<Compiler>
					<Add directory="/Users/monter/Documents/primitive/include/APPLE"/>
					<Add directory="/Users/monter/Documents/primitive/include/APPLE/GL"/>
					<Add directory="/Users/monter/Documents/primitive/include/APPLE/GLFW"/>
					<Add directory="/Users/monter/Documents/primitive/include"/>
					<Add directory="/Users/monter/Documents/primitive/include/glm"/>
					<Add directory="/Users/monter/Documents/primitive/include/imgui"/>
					<Add directory="/Applications/Xcode.app/Contents/Developer/Toolchains/XcodeDefault.xctoolchain/usr/bin/../include/c++/v1"/>
					<Add directory="/usr/local/include"/>
					<Add directory="/Applications/Xcode.app/Contents/Developer/Toolchains/XcodeDefault.xctoolchain/usr/lib/clang/12.0.0/include"/>
					<Add directory="/Applications/Xcode.app/Contents/Developer/Toolchains/XcodeDefault.xctoolchain/usr/include"/>
					<Add directory="/System/Library/Frameworks"/>
					<Add directory="/Library/Frameworks"/>
				</Compiler>
				<MakeCommands>
					<Build command="/usr/bin/make -j12 -f &quot;/Users/monter/Documents/primitive/Makefile&quot;  VERBOSE=1 primitive"/>
					<CompileFile command="/usr/bin/make -j12 -f &quot;/Users/monter/Documents/primitive/Makefile&quot;  VERBOSE=1 &quot;$file&quot;"/>
					<Clean command="/usr/bin/make -j12 -f &quot;/Users/monter/Documents/primitive/Makefile&quot;  VERBOSE=1 clean"/>
					<DistClean command="/usr/bin/make -j12 -f &quot;/Users/monter/Documents/primitive/Makefile&quot;  VERBOSE=1 clean"/>
				</MakeCommands>
			</Target>
			<Target title="primitive/fast">
				<Option output="/Users/monter/Documents/primitive/primitive" prefix_auto="0" extension_auto="0"/>
				<Option working_dir="/Users/monter/Documents/primitive"/>
				<Option object_output="./"/>
				<Option type="1"/>
				<Option compiler="gcc"/>
				<Compiler>
					<Add directory="/Users/monter/Documents/primitive/include/APPLE"/>
					<Add directory="/Users/monter/Documents/primitive/include/APPLE/GL"/>
					<Add directory="/Users/monter/Documents/primitive/include/APPLE/GLFW"/>
					<Add directory="/Users/monter/Documents/primitive/include"/>
					<Add directory="/Users/monter/Documents/primitive/include/glm"/>
					<Add directory="/Users/monter/Documents/primitive/include/imgui"/>
					<Add directory="/Applications/Xcode.app/Contents/Developer/Toolchains/XcodeDefault.xctoolchain/usr/bin/../include/c++/v1"/>
					<Add directory="/usr/local/include"/>
					<Add directory="/Applications/Xcode.app/Contents/Developer/Toolchains/XcodeDefault.xctoolchain/usr/lib/clang/12.0.0/include"/>
					<Add directory="/Applications/Xcode.app/Contents/Developer/Toolchains/XcodeDefault.xctoolchain/usr/include"/>
					<Add directory="/System/Library/Frameworks"/>
					<Add directory="/Library/Frameworks"/>
				</Compiler>
				<MakeCommands>
					<Build command="/usr/bin/make -j12 -f &quot;/Users/monter/Documents/primitive/Makefile&quot;  VERBOSE=1 primitive/fast"/>
					<CompileFile command="/usr/bin/make -j12 -f &quot;/Users/monter/Documents/primitive/Makefile&quot;  VERBOSE=1 &quot;$file&quot;"/>
					<Clean command="/usr/bin/make -j12 -f &quot;/Users/monter/Documents/primitive/Makefile&quot;  VERBOSE=1 clean"/>
					<DistClean command="/usr/bin/make -j12 -f &quot;/Users/monter/Documents/primitive/Makefile&quot;  VERBOSE=1 clean"/>
				</MakeCommands>
			</Target>
		</Build>
		<Unit filename="/Users/monter/Documents/primitive/include/imgui/examples/imgui_impl_glfw.cpp">
			<Option target="primitive"/>
		</Unit>
		<Unit filename="/Users/monter/Documents/primitive/include/imgui/examples/imgui_impl_glfw.h">
			<Option target="primitive"/>
		</Unit>
		<Unit filename="/Users/monter/Documents/primitive/include/imgui/examples/imgui_impl_opengl3.cpp">
			<Option target="primitive"/>
		</Unit>
		<Unit filename="/Users/monter/Documents/primitive/include/imgui/examples/imgui_impl_opengl3.h">
			<Option target="primitive"/>
		</Unit>
		<Unit filename="/Users/monter/Documents/primitive/include/imgui/imgui.cpp">
			<Option target="primitive"/>
		</Unit>
		<Unit filename="/Users/monter/Documents/primitive/include/imgui/imgui.h">
			<Option target="primitive"/>
		</Unit>
		<Unit filename="/Users/monter/Documents/primitive/include/imgui/imgui_demo.cpp">
			<Option target="primitive"/>
		</Unit>
		<Unit filename="/Users/monter/Documents/primitive/include/imgui/imgui_draw.cpp">
			<Option target="primitive"/>
		</Unit>
		<Unit filename="/Users/monter/Documents/primitive/include/imgui/imgui_widgets.cpp">
			<Option target="primitive"/>
		</Unit>
		<Unit filename="/Users/monter/Documents/primitive/src/Camera.cpp">
			<Option target="primitive"/>
		</Unit>
		<Unit filename="/Users/monter/Documents/primitive/src/Collider.cpp">
			<Option target="primitive"/>
		</Unit>
		<Unit filename="/Users/monter/Documents/primitive/src/Core.cpp">
			<Option target="primitive"/>
		</Unit>
		<Unit filename="/Users/monter/Documents/primitive/src/Game.cpp">
			<Option target="primitive"/>
		</Unit>
		<Unit filename="/Users/monter/Documents/primitive/src/Input.cpp">
			<Option target="primitive"/>
		</Unit>
		<Unit filename="/Users/monter/Documents/primitive/src/Mesh.cpp">
			<Option target="primitive"/>
		</Unit>
		<Unit filename="/Users/monter/Documents/primitive/src/Model.cpp">
			<Option target="primitive"/>
		</Unit>
		<Unit filename="/Users/monter/Documents/primitive/src/Shader.cpp">
			<Option target="primitive"/>
		</Unit>
		<Unit filename="/Users/monter/Documents/primitive/src/Sound.cpp">
			<Option target="primitive"/>
		</Unit>
		<Unit filename="/Users/monter/Documents/primitive/src/Texture.cpp">
			<Option target="primitive"/>
		</Unit>
		<Unit filename="/Users/monter/Documents/primitive/src/Window.cpp">
			<Option target="primitive"/>
		</Unit>
		<Unit filename="/Users/monter/Documents/primitive/src/externalModel.cpp">
			<Option target="primitive"/>
		</Unit>
		<Unit filename="/Users/monter/Documents/primitive/src/main.cpp">
			<Option target="primitive"/>
		</Unit>
		<Unit filename="/Users/monter/Documents/primitive/CMakeLists.txt">
			<Option virtualFolder="CMake Files\"/>
		</Unit>
	</Project>
</CodeBlocks_project_file>
